PODS:
  - Alamofire (4.5.0)
  - FirebaseCommunity (0.0.1):
    - FirebaseCommunity/Root (= 0.0.1)
  - FirebaseCommunity/Auth (0.0.1):
    - FirebaseCommunity/Core
    - GoogleToolboxForMac/NSDictionary+URLArguments (~> 2.1)
    - GTMSessionFetcher/Core (~> 1.1)
  - FirebaseCommunity/Core (0.0.1):
    - FirebaseCommunity/Root
    - GoogleToolboxForMac/NSData+zlib (~> 2.1)
  - FirebaseCommunity/Database (0.0.1):
    - FirebaseCommunity/Core
    - leveldb-library
  - FirebaseCommunity/Root (0.0.1)
  - GoogleToolboxForMac/DebugUtils (2.1.1):
    - GoogleToolboxForMac/Defines (= 2.1.1)
  - GoogleToolboxForMac/Defines (2.1.1)
  - GoogleToolboxForMac/NSData+zlib (2.1.1):
    - GoogleToolboxForMac/Defines (= 2.1.1)
  - GoogleToolboxForMac/NSDictionary+URLArguments (2.1.1):
    - GoogleToolboxForMac/DebugUtils (= 2.1.1)
    - GoogleToolboxForMac/Defines (= 2.1.1)
    - GoogleToolboxForMac/NSString+URLArguments (= 2.1.1)
  - GoogleToolboxForMac/NSString+URLArguments (2.1.1)
  - GTMSessionFetcher/Core (1.1.11)
  - HampKit (0.1):
    - Alamofire (~> 4.4)
    - FirebaseCommunity
    - FirebaseCommunity/Auth
    - FirebaseCommunity/Database
  - leveldb-library (1.18.3)

DEPENDENCIES:
  - HampKit (from `https://github.com/Hamp-tech/Hamp-iOS-Kit.git`)

EXTERNAL SOURCES:
  HampKit:
    :git: https://github.com/Hamp-tech/Hamp-iOS-Kit.git

CHECKOUT OPTIONS:
  HampKit:
    :commit: f514af63d94520c5b8672c2bbee301a7a67fb487
    :git: https://github.com/Hamp-tech/Hamp-iOS-Kit.git

SPEC CHECKSUMS:
  Alamofire: f28cdffd29de33a7bfa022cbd63ae95a27fae140
  FirebaseCommunity: 3180af8da9e96e4e0114999eeebd8896c43e848f
  GoogleToolboxForMac: 8e329f1b599f2512c6b10676d45736bcc2cbbeb0
  GTMSessionFetcher: 5ad62e8200fa00ed011fe5e08d27fef72c5b1429
  HampKit: ec060eefa4339a2693e40d288d8835c483b9a2d0
  leveldb-library: 10fb39c39e243db4af1828441162405bbcec1404

PODFILE CHECKSUM: c157527b5e2bf6058b6d8619853b2a14d818781c

COCOAPODS: 1.2.1
