PODS:
  - Bolts (1.9.0):
    - Bolts/AppLinks (= 1.9.0)
    - Bolts/Tasks (= 1.9.0)
  - Bolts/AppLinks (1.9.0):
    - Bolts/Tasks
  - Bolts/Tasks (1.9.0)
  - Crashlytics (3.10.1):
    - Fabric (~> 1.7.5)
  - Fabric (1.7.5)
  - FacebookCore (0.2.0):
    - Bolts (~> 1.8)
    - FBSDKCoreKit (~> 4.21)
  - FacebookLogin (0.2.0):
    - Bolts (~> 1.8)
    - FacebookCore (~> 0.2)
    - FBSDKCoreKit (~> 4.21)
    - FBSDKLoginKit (~> 4.21)
  - FBSDKCoreKit (4.31.1):
    - Bolts (~> 1.7)
  - FBSDKLoginKit (4.31.1):
    - FBSDKCoreKit
  - Firebase/Core (4.10.1):
    - FirebaseAnalytics (= 4.1.0)
    - FirebaseCore (= 4.0.17)
  - Firebase/Messaging (4.10.1):
    - Firebase/Core
    - FirebaseMessaging (= 2.1.1)
  - FirebaseAnalytics (4.1.0):
    - FirebaseCore (~> 4.0)
    - FirebaseInstanceID (~> 2.0)
    - GoogleToolboxForMac/NSData+zlib (~> 2.1)
    - nanopb (~> 0.3)
  - FirebaseCore (4.0.17):
    - GoogleToolboxForMac/NSData+zlib (~> 2.1)
  - FirebaseInstanceID (2.0.9):
    - FirebaseCore (~> 4.0)
  - FirebaseMessaging (2.1.1):
    - FirebaseAnalytics (~> 4.1)
    - FirebaseCore (~> 4.0)
    - FirebaseInstanceID (~> 2.0)
    - GoogleToolboxForMac/Logger (~> 2.1)
    - Protobuf (~> 3.5)
  - GoogleToolboxForMac/Defines (2.1.3)
  - GoogleToolboxForMac/Logger (2.1.3):
    - GoogleToolboxForMac/Defines (= 2.1.3)
  - GoogleToolboxForMac/NSData+zlib (2.1.3):
    - GoogleToolboxForMac/Defines (= 2.1.3)
  - HampKit (0.3)
  - InputMask (2.2.6)
  - nanopb (0.3.8):
    - nanopb/decode (= 0.3.8)
    - nanopb/encode (= 0.3.8)
  - nanopb/decode (0.3.8)
  - nanopb/encode (0.3.8)
  - Protobuf (3.5.0)
  - Realm (3.2.0):
    - Realm/Headers (= 3.2.0)
  - Realm/Headers (3.2.0)
  - RealmSwift (3.2.0):
    - Realm (= 3.2.0)

DEPENDENCIES:
  - Crashlytics
  - Fabric
  - FacebookCore (from `https://github.com/ulidev/facebook-sdk-swift.git`)
  - FacebookLogin (from `https://github.com/ulidev/facebook-sdk-swift.git`)
  - Firebase/Messaging
  - HampKit (from `https://github.com/Hamp-tech/Hamp-iOS-Kit.git`, branch `features`)
  - InputMask
  - RealmSwift

EXTERNAL SOURCES:
  FacebookCore:
    :git: https://github.com/ulidev/facebook-sdk-swift.git
  FacebookLogin:
    :git: https://github.com/ulidev/facebook-sdk-swift.git
  HampKit:
    :branch: features
    :git: https://github.com/Hamp-tech/Hamp-iOS-Kit.git

CHECKOUT OPTIONS:
  FacebookCore:
    :commit: d038f93bb92725cc8610228c6a7181076cf2b6fc
    :git: https://github.com/ulidev/facebook-sdk-swift.git
  FacebookLogin:
    :commit: d038f93bb92725cc8610228c6a7181076cf2b6fc
    :git: https://github.com/ulidev/facebook-sdk-swift.git
  HampKit:
    :commit: ea6f8a79304225c699a86e3b5bfb12ba8ef966fb
    :git: https://github.com/Hamp-tech/Hamp-iOS-Kit.git

SPEC CHECKSUMS:
  Bolts: ac6567323eac61e203f6a9763667d0f711be34c8
  Crashlytics: aee1a064cbbf99b32efa3f056a5f458d846bc8ff
  Fabric: ae7146a5f505ea370a1e44820b4b1dc8890e2890
  FacebookCore: b1dfb5bba65380aba6dbe5c545ce02d03d0b59b2
  FacebookLogin: da4d16833831769a6827a4ddfcf439d673949f12
  FBSDKCoreKit: e08ccfcefa7bc1347a07c276dac9bf6c7fe57024
  FBSDKLoginKit: 99797ac39252fef6f72600b886f6ee60b4b29cab
  Firebase: 92c6ba593e32db0defde464a9adc981d5cb49f97
  FirebaseAnalytics: 3dfae28d4a5e06f86c4fae830efc2ad3fadb19bc
  FirebaseCore: 872307b001bbefda1dfa0dbfffa50a6919023d4a
  FirebaseInstanceID: d2058a35e9bebda1b6dd42486b84917bde552a9d
  FirebaseMessaging: db0e01c52ef7e1f42846431273558107d084ede4
  GoogleToolboxForMac: 2501e2ad72a52eb3dfe7bd9aee7dad11b858bd20
  HampKit: cbc2e9dad18ddb3dbbce364789074673038571ab
  InputMask: 756ffc515121d07a9c81a605fa5c44e5ac5bde13
  nanopb: 5601e6bca2dbf1ed831b519092ec110f66982ca3
  Protobuf: 8a9838fba8dae3389230e1b7f8c104aa32389c03
  Realm: ae552b9b9eca3a12374a589fa842f220e286a80a
  RealmSwift: 05727129547dcab3fe828bd87bc30be903736b9c

PODFILE CHECKSUM: fccf4e2059e0c64ea8d3c22a3beb1dc6c40c3026

COCOAPODS: 1.4.0
