PODS:
  - Bolts (1.9.0):
    - Bolts/AppLinks (= 1.9.0)
    - Bolts/Tasks (= 1.9.0)
  - Bolts/AppLinks (1.9.0):
    - Bolts/Tasks
  - Bolts/Tasks (1.9.0)
  - Crashlytics (3.10.1):
    - Fabric (~> 1.7.5)
  - Fabric (1.7.5)
  - FacebookCore (0.2.0):
    - Bolts (~> 1.8)
    - FBSDKCoreKit (~> 4.21)
  - FacebookLogin (0.2.0):
    - Bolts (~> 1.8)
    - FacebookCore (~> 0.2)
    - FBSDKCoreKit (~> 4.21)
    - FBSDKLoginKit (~> 4.21)
  - FBSDKCoreKit (4.31.1):
    - Bolts (~> 1.7)
  - FBSDKLoginKit (4.31.1):
    - FBSDKCoreKit
  - HampKit (0.3)
  - InputMask (2.2.6)
  - Realm (3.1.1):
    - Realm/Headers (= 3.1.1)
  - Realm/Headers (3.1.1)
  - RealmSwift (3.1.1):
    - Realm (= 3.1.1)

DEPENDENCIES:
  - Crashlytics
  - Fabric
  - FacebookCore (from `https://github.com/ulidev/facebook-sdk-swift.git`)
  - FacebookLogin (from `https://github.com/ulidev/facebook-sdk-swift.git`)
  - HampKit (from `https://github.com/Hamp-tech/Hamp-iOS-Kit.git`, branch `features`)
  - InputMask
  - RealmSwift

EXTERNAL SOURCES:
  FacebookCore:
    :git: https://github.com/ulidev/facebook-sdk-swift.git
  FacebookLogin:
    :git: https://github.com/ulidev/facebook-sdk-swift.git
  HampKit:
    :branch: features
    :git: https://github.com/Hamp-tech/Hamp-iOS-Kit.git

CHECKOUT OPTIONS:
  FacebookCore:
    :commit: d038f93bb92725cc8610228c6a7181076cf2b6fc
    :git: https://github.com/ulidev/facebook-sdk-swift.git
  FacebookLogin:
    :commit: d038f93bb92725cc8610228c6a7181076cf2b6fc
    :git: https://github.com/ulidev/facebook-sdk-swift.git
  HampKit:
    :commit: 1c41859fd25a0c730286995de3ce61658f86d96b
    :git: https://github.com/Hamp-tech/Hamp-iOS-Kit.git

SPEC CHECKSUMS:
  Bolts: ac6567323eac61e203f6a9763667d0f711be34c8
  Crashlytics: aee1a064cbbf99b32efa3f056a5f458d846bc8ff
  Fabric: ae7146a5f505ea370a1e44820b4b1dc8890e2890
  FacebookCore: b1dfb5bba65380aba6dbe5c545ce02d03d0b59b2
  FacebookLogin: da4d16833831769a6827a4ddfcf439d673949f12
  FBSDKCoreKit: e08ccfcefa7bc1347a07c276dac9bf6c7fe57024
  FBSDKLoginKit: 99797ac39252fef6f72600b886f6ee60b4b29cab
  HampKit: cbc2e9dad18ddb3dbbce364789074673038571ab
  InputMask: 756ffc515121d07a9c81a605fa5c44e5ac5bde13
  Realm: 42d1c38a5b1bbcc828b48a7ce702cb86fc68adf4
  RealmSwift: d31937ca6a6ee54acde64ec839523c0a3c04924b

PODFILE CHECKSUM: 82da10c564be50904eaaad316e1f97f0ca424e5f

COCOAPODS: 1.4.0
