// !$*UTF8*$!
{
	archiveVersion = 1;
	classes = {
	};
	objectVersion = 48;
	objects = {

/* Begin PBXBuildFile section */
		4E56D9121F2DFE5100736ABB /* UIFont+Helvetica.swift in Sources */ = {isa = PBXBuildFile; fileRef = 4E56D9111F2DFE5100736ABB /* UIFont+Helvetica.swift */; };
		4E5B08861F04731C00236A9E /* AppDelegate.swift in Sources */ = {isa = PBXBuildFile; fileRef = 4E5B08851F04731C00236A9E /* AppDelegate.swift */; };
		4E5B088D1F04731C00236A9E /* Assets.xcassets in Resources */ = {isa = PBXBuildFile; fileRef = 4E5B088C1F04731C00236A9E /* Assets.xcassets */; };
		4E632E211F264A8900CDE02D /* SignUpViewController.swift in Sources */ = {isa = PBXBuildFile; fileRef = 4E632E201F264A8900CDE02D /* SignUpViewController.swift */; };
		4E6A08851F251D240044570C /* SignInToolbar.swift in Sources */ = {isa = PBXBuildFile; fileRef = 4E6A08841F251D240044570C /* SignInToolbar.swift */; };
		4E7D94E31F2384E700C7BB4B /* LoginViewController.swift in Sources */ = {isa = PBXBuildFile; fileRef = 4E7D94E21F2384E700C7BB4B /* LoginViewController.swift */; };
		4E7D94E51F23852800C7BB4B /* GradientButton.swift in Sources */ = {isa = PBXBuildFile; fileRef = 4E7D94E41F23852800C7BB4B /* GradientButton.swift */; };
		4E7D94E71F238CB000C7BB4B /* LaunchScreen.storyboard in Resources */ = {isa = PBXBuildFile; fileRef = 4E7D94E61F238CB000C7BB4B /* LaunchScreen.storyboard */; };
		4E89E05E1F2EC260008C658D /* FacebookAPIGraphManager.swift in Sources */ = {isa = PBXBuildFile; fileRef = 4E89E05D1F2EC260008C658D /* FacebookAPIGraphManager.swift */; };
		4ECA406C1F24BBB3003F51EA /* SignInViewController.swift in Sources */ = {isa = PBXBuildFile; fileRef = 4ECA406B1F24BBB3003F51EA /* SignInViewController.swift */; };
		4ECA406E1F24BD31003F51EA /* HampViewController.swift in Sources */ = {isa = PBXBuildFile; fileRef = 4ECA406D1F24BD31003F51EA /* HampViewController.swift */; };
		4ECA40701F24BD96003F51EA /* LogoTitleBaseViewController.swift in Sources */ = {isa = PBXBuildFile; fileRef = 4ECA406F1F24BD96003F51EA /* LogoTitleBaseViewController.swift */; };
		4ECA40721F24C0DA003F51EA /* HampTextField.swift in Sources */ = {isa = PBXBuildFile; fileRef = 4ECA40711F24C0DA003F51EA /* HampTextField.swift */; };
		4ECA40741F24D4E4003F51EA /* InputTextField.swift in Sources */ = {isa = PBXBuildFile; fileRef = 4ECA40731F24D4E4003F51EA /* InputTextField.swift */; };
		4ECFAFCA1F2534BD005FDF05 /* UIImage+Color.swift in Sources */ = {isa = PBXBuildFile; fileRef = 4ECFAFC91F2534BD005FDF05 /* UIImage+Color.swift */; };
		4EDF10041F236AE4007E15E9 /* FredokaOne-Regular.ttf in Resources */ = {isa = PBXBuildFile; fileRef = 4EDF10031F236A84007E15E9 /* FredokaOne-Regular.ttf */; };
		4EDF10291F2372E5007E15E9 /* Main.storyboard in Resources */ = {isa = PBXBuildFile; fileRef = 4EDF10281F2372E5007E15E9 /* Main.storyboard */; };
		4EDF102B1F237D4E007E15E9 /* GradientLayer.swift in Sources */ = {isa = PBXBuildFile; fileRef = 4EDF102A1F237D4E007E15E9 /* GradientLayer.swift */; };
		4EEA1A171F2380B50070E17A /* UIColor+Hamp.swift in Sources */ = {isa = PBXBuildFile; fileRef = 4EEA1A161F2380B50070E17A /* UIColor+Hamp.swift */; };
		9C5195597F7D4604999355E1 /* Pods_Hamp.framework in Frameworks */ = {isa = PBXBuildFile; fileRef = FC7C78EEC0E6BE64645FDEEA /* Pods_Hamp.framework */; };
/* End PBXBuildFile section */

/* Begin PBXFileReference section */
		206A3DD2C6B0943389014710 /* Pods-HampTests.release.xcconfig */ = {isa = PBXFileReference; includeInIndex = 1; lastKnownFileType = text.xcconfig; name = "Pods-HampTests.release.xcconfig"; path = "Pods/Target Support Files/Pods-HampTests/Pods-HampTests.release.xcconfig"; sourceTree = "<group>"; };
		2250B602B6AA5890F7C32682 /* Pods-HampUITests.release.xcconfig */ = {isa = PBXFileReference; includeInIndex = 1; lastKnownFileType = text.xcconfig; name = "Pods-HampUITests.release.xcconfig"; path = "Pods/Target Support Files/Pods-HampUITests/Pods-HampUITests.release.xcconfig"; sourceTree = "<group>"; };
		4E56D9111F2DFE5100736ABB /* UIFont+Helvetica.swift */ = {isa = PBXFileReference; lastKnownFileType = sourcecode.swift; path = "UIFont+Helvetica.swift"; sourceTree = "<group>"; };
		4E5B08821F04731C00236A9E /* Hamp.app */ = {isa = PBXFileReference; explicitFileType = wrapper.application; includeInIndex = 0; path = Hamp.app; sourceTree = BUILT_PRODUCTS_DIR; };
		4E5B08851F04731C00236A9E /* AppDelegate.swift */ = {isa = PBXFileReference; lastKnownFileType = sourcecode.swift; path = AppDelegate.swift; sourceTree = "<group>"; };
		4E5B088C1F04731C00236A9E /* Assets.xcassets */ = {isa = PBXFileReference; lastKnownFileType = folder.assetcatalog; path = Assets.xcassets; sourceTree = "<group>"; };
		4E5B08911F04731C00236A9E /* Info.plist */ = {isa = PBXFileReference; lastKnownFileType = text.plist.xml; path = Info.plist; sourceTree = "<group>"; };
		4E5B089A1F04731C00236A9E /* HampTests.swift */ = {isa = PBXFileReference; lastKnownFileType = sourcecode.swift; path = HampTests.swift; sourceTree = "<group>"; };
		4E5B089C1F04731C00236A9E /* Info.plist */ = {isa = PBXFileReference; lastKnownFileType = text.plist.xml; path = Info.plist; sourceTree = "<group>"; };
		4E5B08A51F04731C00236A9E /* HampUITests.swift */ = {isa = PBXFileReference; lastKnownFileType = sourcecode.swift; path = HampUITests.swift; sourceTree = "<group>"; };
		4E5B08A71F04731C00236A9E /* Info.plist */ = {isa = PBXFileReference; lastKnownFileType = text.plist.xml; path = Info.plist; sourceTree = "<group>"; };
		4E632E201F264A8900CDE02D /* SignUpViewController.swift */ = {isa = PBXFileReference; lastKnownFileType = sourcecode.swift; path = SignUpViewController.swift; sourceTree = "<group>"; };
		4E6A08841F251D240044570C /* SignInToolbar.swift */ = {isa = PBXFileReference; lastKnownFileType = sourcecode.swift; path = SignInToolbar.swift; sourceTree = "<group>"; };
		4E7D94E21F2384E700C7BB4B /* LoginViewController.swift */ = {isa = PBXFileReference; lastKnownFileType = sourcecode.swift; path = LoginViewController.swift; sourceTree = "<group>"; };
		4E7D94E41F23852800C7BB4B /* GradientButton.swift */ = {isa = PBXFileReference; lastKnownFileType = sourcecode.swift; path = GradientButton.swift; sourceTree = "<group>"; };
		4E7D94E61F238CB000C7BB4B /* LaunchScreen.storyboard */ = {isa = PBXFileReference; lastKnownFileType = file.storyboard; path = LaunchScreen.storyboard; sourceTree = "<group>"; };
		4E89E05D1F2EC260008C658D /* FacebookAPIGraphManager.swift */ = {isa = PBXFileReference; lastKnownFileType = sourcecode.swift; path = FacebookAPIGraphManager.swift; sourceTree = "<group>"; };
		4ECA406B1F24BBB3003F51EA /* SignInViewController.swift */ = {isa = PBXFileReference; lastKnownFileType = sourcecode.swift; path = SignInViewController.swift; sourceTree = "<group>"; };
		4ECA406D1F24BD31003F51EA /* HampViewController.swift */ = {isa = PBXFileReference; lastKnownFileType = sourcecode.swift; path = HampViewController.swift; sourceTree = "<group>"; };
		4ECA406F1F24BD96003F51EA /* LogoTitleBaseViewController.swift */ = {isa = PBXFileReference; lastKnownFileType = sourcecode.swift; path = LogoTitleBaseViewController.swift; sourceTree = "<group>"; };
		4ECA40711F24C0DA003F51EA /* HampTextField.swift */ = {isa = PBXFileReference; lastKnownFileType = sourcecode.swift; path = HampTextField.swift; sourceTree = "<group>"; };
		4ECA40731F24D4E4003F51EA /* InputTextField.swift */ = {isa = PBXFileReference; lastKnownFileType = sourcecode.swift; path = InputTextField.swift; sourceTree = "<group>"; };
		4ECFAFC91F2534BD005FDF05 /* UIImage+Color.swift */ = {isa = PBXFileReference; lastKnownFileType = sourcecode.swift; path = "UIImage+Color.swift"; sourceTree = "<group>"; };
		4EDC394C1F263F2400947007 /* FBSDKLoginKit.framework */ = {isa = PBXFileReference; lastKnownFileType = wrapper.framework; name = FBSDKLoginKit.framework; path = ../Facebook/FBSDKLoginKit.framework; sourceTree = "<group>"; };
		4EDF10031F236A84007E15E9 /* FredokaOne-Regular.ttf */ = {isa = PBXFileReference; lastKnownFileType = file; path = "FredokaOne-Regular.ttf"; sourceTree = "<group>"; };
		4EDF10281F2372E5007E15E9 /* Main.storyboard */ = {isa = PBXFileReference; lastKnownFileType = file.storyboard; path = Main.storyboard; sourceTree = "<group>"; };
		4EDF102A1F237D4E007E15E9 /* GradientLayer.swift */ = {isa = PBXFileReference; lastKnownFileType = sourcecode.swift; path = GradientLayer.swift; sourceTree = "<group>"; };
		4EEA1A161F2380B50070E17A /* UIColor+Hamp.swift */ = {isa = PBXFileReference; lastKnownFileType = sourcecode.swift; path = "UIColor+Hamp.swift"; sourceTree = "<group>"; };
		614C810922CFEC0731C0D9D8 /* Pods-Hamp.debug.xcconfig */ = {isa = PBXFileReference; includeInIndex = 1; lastKnownFileType = text.xcconfig; name = "Pods-Hamp.debug.xcconfig"; path = "Pods/Target Support Files/Pods-Hamp/Pods-Hamp.debug.xcconfig"; sourceTree = "<group>"; };
		9C4FBE7AE31A21445A6CE888 /* Pods_HampUITests.framework */ = {isa = PBXFileReference; explicitFileType = wrapper.framework; includeInIndex = 0; path = Pods_HampUITests.framework; sourceTree = BUILT_PRODUCTS_DIR; };
		CC6E5C16DECEC990824F825C /* Pods-HampTests.debug.xcconfig */ = {isa = PBXFileReference; includeInIndex = 1; lastKnownFileType = text.xcconfig; name = "Pods-HampTests.debug.xcconfig"; path = "Pods/Target Support Files/Pods-HampTests/Pods-HampTests.debug.xcconfig"; sourceTree = "<group>"; };
		D020784CAB42E211144BDAFA /* Pods-Hamp.release.xcconfig */ = {isa = PBXFileReference; includeInIndex = 1; lastKnownFileType = text.xcconfig; name = "Pods-Hamp.release.xcconfig"; path = "Pods/Target Support Files/Pods-Hamp/Pods-Hamp.release.xcconfig"; sourceTree = "<group>"; };
		D993B21BB4F7413B434D8295 /* Pods-HampUITests.debug.xcconfig */ = {isa = PBXFileReference; includeInIndex = 1; lastKnownFileType = text.xcconfig; name = "Pods-HampUITests.debug.xcconfig"; path = "Pods/Target Support Files/Pods-HampUITests/Pods-HampUITests.debug.xcconfig"; sourceTree = "<group>"; };
		DDC5808EA03F5DF9E1401416 /* Pods_HampTests.framework */ = {isa = PBXFileReference; explicitFileType = wrapper.framework; includeInIndex = 0; path = Pods_HampTests.framework; sourceTree = BUILT_PRODUCTS_DIR; };
		FC7C78EEC0E6BE64645FDEEA /* Pods_Hamp.framework */ = {isa = PBXFileReference; explicitFileType = wrapper.framework; includeInIndex = 0; path = Pods_Hamp.framework; sourceTree = BUILT_PRODUCTS_DIR; };
/* End PBXFileReference section */

/* Begin PBXFrameworksBuildPhase section */
		4E5B087F1F04731C00236A9E /* Frameworks */ = {
			isa = PBXFrameworksBuildPhase;
			buildActionMask = 2147483647;
			files = (
				9C5195597F7D4604999355E1 /* Pods_Hamp.framework in Frameworks */,
			);
			runOnlyForDeploymentPostprocessing = 0;
		};
/* End PBXFrameworksBuildPhase section */

/* Begin PBXGroup section */
		4E5B08791F04731C00236A9E = {
			isa = PBXGroup;
			children = (
				4E5B08841F04731C00236A9E /* Hamp */,
				4E5B08991F04731C00236A9E /* HampTests */,
				4E5B08A41F04731C00236A9E /* HampUITests */,
				4E5B08831F04731C00236A9E /* Products */,
				F07EEE7ED6F7BB656045FC7B /* Pods */,
				51541EF23E41448D2B691C0C /* Frameworks */,
			);
			sourceTree = "<group>";
		};
		4E5B08831F04731C00236A9E /* Products */ = {
			isa = PBXGroup;
			children = (
				4E5B08821F04731C00236A9E /* Hamp.app */,
			);
			name = Products;
			sourceTree = "<group>";
		};
		4E5B08841F04731C00236A9E /* Hamp */ = {
			isa = PBXGroup;
			children = (
				4E5B08851F04731C00236A9E /* AppDelegate.swift */,
				4E7D94E01F2384CE00C7BB4B /* ViewControllers */,
				4EDF102C1F237E03007E15E9 /* Model */,
				4EDF10051F236E21007E15E9 /* View */,
				4E89E05C1F2EC24C008C658D /* Utils */,
				4EEA1A151F2380A00070E17A /* Extensions */,
				4E5B08B41F04733900236A9E /* Supporting Files */,
			);
			path = Hamp;
			sourceTree = "<group>";
		};
		4E5B08991F04731C00236A9E /* HampTests */ = {
			isa = PBXGroup;
			children = (
				4E5B089A1F04731C00236A9E /* HampTests.swift */,
				4E5B089C1F04731C00236A9E /* Info.plist */,
			);
			path = HampTests;
			sourceTree = "<group>";
		};
		4E5B08A41F04731C00236A9E /* HampUITests */ = {
			isa = PBXGroup;
			children = (
				4E5B08A51F04731C00236A9E /* HampUITests.swift */,
				4E5B08A71F04731C00236A9E /* Info.plist */,
			);
			path = HampUITests;
			sourceTree = "<group>";
		};
		4E5B08B41F04733900236A9E /* Supporting Files */ = {
			isa = PBXGroup;
			children = (
				4EDF10281F2372E5007E15E9 /* Main.storyboard */,
				4E7D94E61F238CB000C7BB4B /* LaunchScreen.storyboard */,
				4EDF10021F236A84007E15E9 /* Fonts */,
				4E5B088C1F04731C00236A9E /* Assets.xcassets */,
				4E5B08911F04731C00236A9E /* Info.plist */,
			);
			path = "Supporting Files";
			sourceTree = "<group>";
		};
		4E632E221F264C5C00CDE02D /* Data Source */ = {
			isa = PBXGroup;
			children = (
			);
			path = "Data Source";
			sourceTree = "<group>";
		};
		4E632E271F26508000CDE02D /* Factory */ = {
			isa = PBXGroup;
			children = (
			);
			path = Factory;
			sourceTree = "<group>";
		};
		4E6A08811F251B170044570C /* IB */ = {
			isa = PBXGroup;
			children = (
			);
			path = IB;
			sourceTree = "<group>";
		};
		4E7D94E01F2384CE00C7BB4B /* ViewControllers */ = {
			isa = PBXGroup;
			children = (
				4ECA40681F24B8AF003F51EA /* Base View Controllers */,
				4E7D94E11F2384D900C7BB4B /* Login */,
			);
			path = ViewControllers;
			sourceTree = "<group>";
		};
		4E7D94E11F2384D900C7BB4B /* Login */ = {
			isa = PBXGroup;
			children = (
				4E7D94E21F2384E700C7BB4B /* LoginViewController.swift */,
				4E632E201F264A8900CDE02D /* SignUpViewController.swift */,
				4ECA406B1F24BBB3003F51EA /* SignInViewController.swift */,
			);
			path = Login;
			sourceTree = "<group>";
		};
		4E89E05C1F2EC24C008C658D /* Utils */ = {
			isa = PBXGroup;
			children = (
				4E89E05D1F2EC260008C658D /* FacebookAPIGraphManager.swift */,
			);
			path = Utils;
			sourceTree = "<group>";
		};
		4ECA40681F24B8AF003F51EA /* Base View Controllers */ = {
			isa = PBXGroup;
			children = (
				4ECA406D1F24BD31003F51EA /* HampViewController.swift */,
				4ECA406F1F24BD96003F51EA /* LogoTitleBaseViewController.swift */,
			);
			path = "Base View Controllers";
			sourceTree = "<group>";
		};
		4EDF10021F236A84007E15E9 /* Fonts */ = {
			isa = PBXGroup;
			children = (
				4EDF10031F236A84007E15E9 /* FredokaOne-Regular.ttf */,
			);
			path = Fonts;
			sourceTree = "<group>";
		};
		4EDF10051F236E21007E15E9 /* View */ = {
			isa = PBXGroup;
			children = (
				4E6A08811F251B170044570C /* IB */,
				4EDF102A1F237D4E007E15E9 /* GradientLayer.swift */,
				4E7D94E41F23852800C7BB4B /* GradientButton.swift */,
				4ECA40711F24C0DA003F51EA /* HampTextField.swift */,
				4ECA40731F24D4E4003F51EA /* InputTextField.swift */,
				4E6A08841F251D240044570C /* SignInToolbar.swift */,
			);
			path = View;
			sourceTree = "<group>";
		};
		4EDF102C1F237E03007E15E9 /* Model */ = {
			isa = PBXGroup;
			children = (
				4E632E271F26508000CDE02D /* Factory */,
				4E632E221F264C5C00CDE02D /* Data Source */,
			);
			path = Model;
			sourceTree = "<group>";
		};
		4EEA1A151F2380A00070E17A /* Extensions */ = {
			isa = PBXGroup;
			children = (
				4EEA1A161F2380B50070E17A /* UIColor+Hamp.swift */,
				4ECFAFC91F2534BD005FDF05 /* UIImage+Color.swift */,
				4E56D9111F2DFE5100736ABB /* UIFont+Helvetica.swift */,
			);
			path = Extensions;
			sourceTree = "<group>";
		};
		51541EF23E41448D2B691C0C /* Frameworks */ = {
			isa = PBXGroup;
			children = (
				4EDC394C1F263F2400947007 /* FBSDKLoginKit.framework */,
				FC7C78EEC0E6BE64645FDEEA /* Pods_Hamp.framework */,
				DDC5808EA03F5DF9E1401416 /* Pods_HampTests.framework */,
				9C4FBE7AE31A21445A6CE888 /* Pods_HampUITests.framework */,
			);
			name = Frameworks;
			sourceTree = "<group>";
		};
		F07EEE7ED6F7BB656045FC7B /* Pods */ = {
			isa = PBXGroup;
			children = (
				614C810922CFEC0731C0D9D8 /* Pods-Hamp.debug.xcconfig */,
				D020784CAB42E211144BDAFA /* Pods-Hamp.release.xcconfig */,
				CC6E5C16DECEC990824F825C /* Pods-HampTests.debug.xcconfig */,
				206A3DD2C6B0943389014710 /* Pods-HampTests.release.xcconfig */,
				D993B21BB4F7413B434D8295 /* Pods-HampUITests.debug.xcconfig */,
				2250B602B6AA5890F7C32682 /* Pods-HampUITests.release.xcconfig */,
			);
			name = Pods;
			sourceTree = "<group>";
		};
/* End PBXGroup section */

/* Begin PBXNativeTarget section */
		4E5B08811F04731C00236A9E /* Hamp */ = {
			isa = PBXNativeTarget;
			buildConfigurationList = 4E5B08AA1F04731C00236A9E /* Build configuration list for PBXNativeTarget "Hamp" */;
			buildPhases = (
				B66C21CE2F1D4A6F5BBC4BB5 /* [CP] Check Pods Manifest.lock */,
				4E5B087E1F04731C00236A9E /* Sources */,
				4E5B087F1F04731C00236A9E /* Frameworks */,
				4E5B08801F04731C00236A9E /* Resources */,
				2F1E27E7C24DAF320DBD0D60 /* [CP] Embed Pods Frameworks */,
				B1EC8AF50916C5BE49E42728 /* [CP] Copy Pods Resources */,
			);
			buildRules = (
			);
			dependencies = (
			);
			name = Hamp;
			productName = Hamp;
			productReference = 4E5B08821F04731C00236A9E /* Hamp.app */;
			productType = "com.apple.product-type.application";
		};
/* End PBXNativeTarget section */

/* Begin PBXProject section */
		4E5B087A1F04731C00236A9E /* Project object */ = {
			isa = PBXProject;
			attributes = {
				LastSwiftUpdateCheck = 0900;
				LastUpgradeCheck = 0900;
				ORGANIZATIONNAME = com.hamp.hampiOS;
				TargetAttributes = {
					4E5B08811F04731C00236A9E = {
						CreatedOnToolsVersion = 9.0;
					};
				};
			};
			buildConfigurationList = 4E5B087D1F04731C00236A9E /* Build configuration list for PBXProject "Hamp" */;
			compatibilityVersion = "Xcode 8.0";
			developmentRegion = en;
			hasScannedForEncodings = 0;
			knownRegions = (
				en,
				Base,
			);
			mainGroup = 4E5B08791F04731C00236A9E;
			productRefGroup = 4E5B08831F04731C00236A9E /* Products */;
			projectDirPath = "";
			projectRoot = "";
			targets = (
				4E5B08811F04731C00236A9E /* Hamp */,
			);
		};
/* End PBXProject section */

/* Begin PBXResourcesBuildPhase section */
		4E5B08801F04731C00236A9E /* Resources */ = {
			isa = PBXResourcesBuildPhase;
			buildActionMask = 2147483647;
			files = (
				4EDF10291F2372E5007E15E9 /* Main.storyboard in Resources */,
				4E5B088D1F04731C00236A9E /* Assets.xcassets in Resources */,
				4E7D94E71F238CB000C7BB4B /* LaunchScreen.storyboard in Resources */,
				4EDF10041F236AE4007E15E9 /* FredokaOne-Regular.ttf in Resources */,
			);
			runOnlyForDeploymentPostprocessing = 0;
		};
/* End PBXResourcesBuildPhase section */

/* Begin PBXShellScriptBuildPhase section */
		2F1E27E7C24DAF320DBD0D60 /* [CP] Embed Pods Frameworks */ = {
			isa = PBXShellScriptBuildPhase;
			buildActionMask = 2147483647;
			files = (
			);
			inputPaths = (
			);
			name = "[CP] Embed Pods Frameworks";
			outputPaths = (
			);
			runOnlyForDeploymentPostprocessing = 0;
			shellPath = /bin/sh;
			shellScript = "\"${SRCROOT}/Pods/Target Support Files/Pods-Hamp/Pods-Hamp-frameworks.sh\"\n";
			showEnvVarsInLog = 0;
		};
		B1EC8AF50916C5BE49E42728 /* [CP] Copy Pods Resources */ = {
			isa = PBXShellScriptBuildPhase;
			buildActionMask = 2147483647;
			files = (
			);
			inputPaths = (
			);
			name = "[CP] Copy Pods Resources";
			outputPaths = (
			);
			runOnlyForDeploymentPostprocessing = 0;
			shellPath = /bin/sh;
			shellScript = "\"${SRCROOT}/Pods/Target Support Files/Pods-Hamp/Pods-Hamp-resources.sh\"\n";
			showEnvVarsInLog = 0;
		};
		B66C21CE2F1D4A6F5BBC4BB5 /* [CP] Check Pods Manifest.lock */ = {
			isa = PBXShellScriptBuildPhase;
			buildActionMask = 2147483647;
			files = (
			);
			inputPaths = (
			);
			name = "[CP] Check Pods Manifest.lock";
			outputPaths = (
			);
			runOnlyForDeploymentPostprocessing = 0;
			shellPath = /bin/sh;
			shellScript = "diff \"${PODS_PODFILE_DIR_PATH}/Podfile.lock\" \"${PODS_ROOT}/Manifest.lock\" > /dev/null\nif [ $? != 0 ] ; then\n    # print error to STDERR\n    echo \"error: The sandbox is not in sync with the Podfile.lock. Run 'pod install' or update your CocoaPods installation.\" >&2\n    exit 1\nfi\n";
			showEnvVarsInLog = 0;
		};
/* End PBXShellScriptBuildPhase section */

/* Begin PBXSourcesBuildPhase section */
		4E5B087E1F04731C00236A9E /* Sources */ = {
			isa = PBXSourcesBuildPhase;
			buildActionMask = 2147483647;
			files = (
				4ECA40741F24D4E4003F51EA /* InputTextField.swift in Sources */,
				4ECA406C1F24BBB3003F51EA /* SignInViewController.swift in Sources */,
				4E7D94E31F2384E700C7BB4B /* LoginViewController.swift in Sources */,
				4ECA406E1F24BD31003F51EA /* HampViewController.swift in Sources */,
				4ECA40701F24BD96003F51EA /* LogoTitleBaseViewController.swift in Sources */,
				4ECFAFCA1F2534BD005FDF05 /* UIImage+Color.swift in Sources */,
				4E56D9121F2DFE5100736ABB /* UIFont+Helvetica.swift in Sources */,
				4E5B08861F04731C00236A9E /* AppDelegate.swift in Sources */,
				4EDF102B1F237D4E007E15E9 /* GradientLayer.swift in Sources */,
				4E7D94E51F23852800C7BB4B /* GradientButton.swift in Sources */,
				4ECA40721F24C0DA003F51EA /* HampTextField.swift in Sources */,
				4E6A08851F251D240044570C /* SignInToolbar.swift in Sources */,
				4E632E211F264A8900CDE02D /* SignUpViewController.swift in Sources */,
				4E89E05E1F2EC260008C658D /* FacebookAPIGraphManager.swift in Sources */,
				4EEA1A171F2380B50070E17A /* UIColor+Hamp.swift in Sources */,
			);
			runOnlyForDeploymentPostprocessing = 0;
		};
/* End PBXSourcesBuildPhase section */

/* Begin XCBuildConfiguration section */
		4E5B08A81F04731C00236A9E /* Debug */ = {
			isa = XCBuildConfiguration;
			buildSettings = {
				ALWAYS_SEARCH_USER_PATHS = NO;
				CLANG_ANALYZER_NONNULL = YES;
				CLANG_ANALYZER_NUMBER_OBJECT_CONVERSION = YES_AGGRESSIVE;
				CLANG_CXX_LANGUAGE_STANDARD = "gnu++14";
				CLANG_CXX_LIBRARY = "libc++";
				CLANG_ENABLE_MODULES = YES;
				CLANG_ENABLE_OBJC_ARC = YES;
				CLANG_WARN_BLOCK_CAPTURE_AUTORELEASING = YES;
				CLANG_WARN_BOOL_CONVERSION = YES;
				CLANG_WARN_COMMA = YES;
				CLANG_WARN_CONSTANT_CONVERSION = YES;
				CLANG_WARN_DIRECT_OBJC_ISA_USAGE = YES_ERROR;
				CLANG_WARN_DOCUMENTATION_COMMENTS = YES;
				CLANG_WARN_EMPTY_BODY = YES;
				CLANG_WARN_ENUM_CONVERSION = YES;
				CLANG_WARN_INFINITE_RECURSION = YES;
				CLANG_WARN_INT_CONVERSION = YES;
				CLANG_WARN_OBJC_ROOT_CLASS = YES_ERROR;
				CLANG_WARN_RANGE_LOOP_ANALYSIS = YES;
				CLANG_WARN_STRICT_PROTOTYPES = YES;
				CLANG_WARN_SUSPICIOUS_MOVE = YES;
				CLANG_WARN_UNGUARDED_AVAILABILITY = YES_AGGRESSIVE;
				CLANG_WARN_UNREACHABLE_CODE = YES;
				CLANG_WARN__DUPLICATE_METHOD_MATCH = YES;
				CODE_SIGN_IDENTITY = "iPhone Developer";
				COPY_PHASE_STRIP = NO;
				DEBUG_INFORMATION_FORMAT = dwarf;
				ENABLE_STRICT_OBJC_MSGSEND = YES;
				ENABLE_TESTABILITY = YES;
				FRAMEWORK_SEARCH_PATHS = (
					"$(SRCROOT)/**",
					"$(inherited)",
				);
				GCC_C_LANGUAGE_STANDARD = gnu11;
				GCC_DYNAMIC_NO_PIC = NO;
				GCC_NO_COMMON_BLOCKS = YES;
				GCC_OPTIMIZATION_LEVEL = 0;
				GCC_PREPROCESSOR_DEFINITIONS = (
					"DEBUG=1",
					"$(inherited)",
				);
				GCC_WARN_64_TO_32_BIT_CONVERSION = YES;
				GCC_WARN_ABOUT_RETURN_TYPE = YES_ERROR;
				GCC_WARN_UNDECLARED_SELECTOR = YES;
				GCC_WARN_UNINITIALIZED_AUTOS = YES_AGGRESSIVE;
				GCC_WARN_UNUSED_FUNCTION = YES;
				GCC_WARN_UNUSED_VARIABLE = YES;
				IPHONEOS_DEPLOYMENT_TARGET = 11.0;
				MTL_ENABLE_DEBUG_INFO = YES;
				ONLY_ACTIVE_ARCH = YES;
				SDKROOT = iphoneos;
				SWIFT_ACTIVE_COMPILATION_CONDITIONS = DEBUG;
				SWIFT_OPTIMIZATION_LEVEL = "-Onone";
			};
			name = Debug;
		};
		4E5B08A91F04731C00236A9E /* Release */ = {
			isa = XCBuildConfiguration;
			buildSettings = {
				ALWAYS_SEARCH_USER_PATHS = NO;
				CLANG_ANALYZER_NONNULL = YES;
				CLANG_ANALYZER_NUMBER_OBJECT_CONVERSION = YES_AGGRESSIVE;
				CLANG_CXX_LANGUAGE_STANDARD = "gnu++14";
				CLANG_CXX_LIBRARY = "libc++";
				CLANG_ENABLE_MODULES = YES;
				CLANG_ENABLE_OBJC_ARC = YES;
				CLANG_WARN_BLOCK_CAPTURE_AUTORELEASING = YES;
				CLANG_WARN_BOOL_CONVERSION = YES;
				CLANG_WARN_COMMA = YES;
				CLANG_WARN_CONSTANT_CONVERSION = YES;
				CLANG_WARN_DIRECT_OBJC_ISA_USAGE = YES_ERROR;
				CLANG_WARN_DOCUMENTATION_COMMENTS = YES;
				CLANG_WARN_EMPTY_BODY = YES;
				CLANG_WARN_ENUM_CONVERSION = YES;
				CLANG_WARN_INFINITE_RECURSION = YES;
				CLANG_WARN_INT_CONVERSION = YES;
				CLANG_WARN_OBJC_ROOT_CLASS = YES_ERROR;
				CLANG_WARN_RANGE_LOOP_ANALYSIS = YES;
				CLANG_WARN_STRICT_PROTOTYPES = YES;
				CLANG_WARN_SUSPICIOUS_MOVE = YES;
				CLANG_WARN_UNGUARDED_AVAILABILITY = YES_AGGRESSIVE;
				CLANG_WARN_UNREACHABLE_CODE = YES;
				CLANG_WARN__DUPLICATE_METHOD_MATCH = YES;
				CODE_SIGN_IDENTITY = "iPhone Developer";
				COPY_PHASE_STRIP = NO;
				DEBUG_INFORMATION_FORMAT = "dwarf-with-dsym";
				ENABLE_NS_ASSERTIONS = NO;
				ENABLE_STRICT_OBJC_MSGSEND = YES;
				FRAMEWORK_SEARCH_PATHS = (
					"$(SRCROOT)/**",
					"$(inherited)",
				);
				GCC_C_LANGUAGE_STANDARD = gnu11;
				GCC_NO_COMMON_BLOCKS = YES;
				GCC_WARN_64_TO_32_BIT_CONVERSION = YES;
				GCC_WARN_ABOUT_RETURN_TYPE = YES_ERROR;
				GCC_WARN_UNDECLARED_SELECTOR = YES;
				GCC_WARN_UNINITIALIZED_AUTOS = YES_AGGRESSIVE;
				GCC_WARN_UNUSED_FUNCTION = YES;
				GCC_WARN_UNUSED_VARIABLE = YES;
				IPHONEOS_DEPLOYMENT_TARGET = 11.0;
				MTL_ENABLE_DEBUG_INFO = NO;
				SDKROOT = iphoneos;
				SWIFT_OPTIMIZATION_LEVEL = "-Owholemodule";
				VALIDATE_PRODUCT = YES;
			};
			name = Release;
		};
		4E5B08AB1F04731C00236A9E /* Debug */ = {
			isa = XCBuildConfiguration;
			baseConfigurationReference = 614C810922CFEC0731C0D9D8 /* Pods-Hamp.debug.xcconfig */;
			buildSettings = {
				ASSETCATALOG_COMPILER_APPICON_NAME = AppIcon;
				DEVELOPMENT_TEAM = U9QF88MGC2;
				FRAMEWORK_SEARCH_PATHS = (
					"$(inherited)",
					"\"$PODS_CONFIGURATION_BUILD_DIR/Alamofire\"",
					"\"$PODS_CONFIGURATION_BUILD_DIR/GTMSessionFetcher\"",
					"\"$PODS_CONFIGURATION_BUILD_DIR/GoogleToolboxForMac\"",
					"\"$PODS_CONFIGURATION_BUILD_DIR/HampKit\"",
					"$(SRCROOT)/**",
				);
				INFOPLIST_FILE = "$(SRCROOT)/Hamp/Supporting Files/Info.plist";
				IPHONEOS_DEPLOYMENT_TARGET = 10.0;
				LD_RUNPATH_SEARCH_PATHS = "$(inherited) @executable_path/Frameworks";
				PRODUCT_BUNDLE_IDENTIFIER = com.Hamp;
				PRODUCT_NAME = "$(TARGET_NAME)";
				SWIFT_VERSION = 4.0;
				TARGETED_DEVICE_FAMILY = "1,2";
			};
			name = Debug;
		};
		4E5B08AC1F04731C00236A9E /* Release */ = {
			isa = XCBuildConfiguration;
			baseConfigurationReference = D020784CAB42E211144BDAFA /* Pods-Hamp.release.xcconfig */;
			buildSettings = {
				ASSETCATALOG_COMPILER_APPICON_NAME = AppIcon;
				DEVELOPMENT_TEAM = U9QF88MGC2;
				FRAMEWORK_SEARCH_PATHS = (
					"$(inherited)",
					"\"$PODS_CONFIGURATION_BUILD_DIR/Alamofire\"",
					"\"$PODS_CONFIGURATION_BUILD_DIR/GTMSessionFetcher\"",
					"\"$PODS_CONFIGURATION_BUILD_DIR/GoogleToolboxForMac\"",
					"\"$PODS_CONFIGURATION_BUILD_DIR/HampKit\"",
					"$(SRCROOT)/**",
				);
				INFOPLIST_FILE = "$(SRCROOT)/Hamp/Supporting Files/Info.plist";
				IPHONEOS_DEPLOYMENT_TARGET = 10.0;
				LD_RUNPATH_SEARCH_PATHS = "$(inherited) @executable_path/Frameworks";
				PRODUCT_BUNDLE_IDENTIFIER = com.Hamp;
				PRODUCT_NAME = "$(TARGET_NAME)";
				SWIFT_VERSION = 4.0;
				TARGETED_DEVICE_FAMILY = "1,2";
			};
			name = Release;
		};
/* End XCBuildConfiguration section */

/* Begin XCConfigurationList section */
		4E5B087D1F04731C00236A9E /* Build configuration list for PBXProject "Hamp" */ = {
			isa = XCConfigurationList;
			buildConfigurations = (
				4E5B08A81F04731C00236A9E /* Debug */,
				4E5B08A91F04731C00236A9E /* Release */,
			);
			defaultConfigurationIsVisible = 0;
			defaultConfigurationName = Release;
		};
		4E5B08AA1F04731C00236A9E /* Build configuration list for PBXNativeTarget "Hamp" */ = {
			isa = XCConfigurationList;
			buildConfigurations = (
				4E5B08AB1F04731C00236A9E /* Debug */,
				4E5B08AC1F04731C00236A9E /* Release */,
			);
			defaultConfigurationIsVisible = 0;
			defaultConfigurationName = Release;
		};
/* End XCConfigurationList section */
	};
	rootObject = 4E5B087A1F04731C00236A9E /* Project object */;
}
