// !$*UTF8*$!
{
	archiveVersion = 1;
	classes = {
	};
	objectVersion = 48;
	objects = {

/* Begin PBXBuildFile section */
		4E05933F1F37E1E9008A3B46 /* UIView+Corner.swift in Sources */ = {isa = PBXBuildFile; fileRef = 4E05933E1F37E1E9008A3B46 /* UIView+Corner.swift */; };
		4E0855E11F3B68BA0086CB76 /* UIView+Shake.swift in Sources */ = {isa = PBXBuildFile; fileRef = 4E0855E01F3B68BA0086CB76 /* UIView+Shake.swift */; };
		4E08EBF71F2F87C2007C0DFF /* SignUpTextFieldTableViewCell.swift in Sources */ = {isa = PBXBuildFile; fileRef = 4E08EBF51F2F87C2007C0DFF /* SignUpTextFieldTableViewCell.swift */; };
		4E08EBF81F2F87C2007C0DFF /* SignUpTextFieldTableViewCell.xib in Resources */ = {isa = PBXBuildFile; fileRef = 4E08EBF61F2F87C2007C0DFF /* SignUpTextFieldTableViewCell.xib */; };
		4E08EBFA1F2F9336007C0DFF /* SignUpCellContentFactory.swift in Sources */ = {isa = PBXBuildFile; fileRef = 4E08EBF91F2F9336007C0DFF /* SignUpCellContentFactory.swift */; };
		4E1680BA1F390ED900EF83A0 /* UIView+Shadow.swift in Sources */ = {isa = PBXBuildFile; fileRef = 4E1680B91F390ED900EF83A0 /* UIView+Shadow.swift */; };
		4E22CF5A1F3886D100EEC314 /* UIAlertController+AlertAction.swift in Sources */ = {isa = PBXBuildFile; fileRef = 4E22CF591F3886D100EEC314 /* UIAlertController+AlertAction.swift */; };
		4E22CF661F38EAB700EEC314 /* FabricManager.swift in Sources */ = {isa = PBXBuildFile; fileRef = 4E22CF651F38EAB700EEC314 /* FabricManager.swift */; };
		4E22CF6D1F38F9DD00EEC314 /* CreditCardUIController.swift in Sources */ = {isa = PBXBuildFile; fileRef = 4E22CF6C1F38F9DD00EEC314 /* CreditCardUIController.swift */; };
		4E22CF6F1F38FD1C00EEC314 /* UIView+Nib.swift in Sources */ = {isa = PBXBuildFile; fileRef = 4E22CF6E1F38FD1C00EEC314 /* UIView+Nib.swift */; };
		4E22CF711F38FF5400EEC314 /* NewCreditCardViewController.swift in Sources */ = {isa = PBXBuildFile; fileRef = 4E22CF701F38FF5400EEC314 /* NewCreditCardViewController.swift */; };
		4E2304FA1F2F9830000AB18C /* SingUpContentableCell.swift in Sources */ = {isa = PBXBuildFile; fileRef = 4E2304F91F2F9830000AB18C /* SingUpContentableCell.swift */; };
		4E2304FE1F2F9FB2000AB18C /* Reusable.swift in Sources */ = {isa = PBXBuildFile; fileRef = 4E2304FD1F2F9FB2000AB18C /* Reusable.swift */; };
		4E2305001F2FA01E000AB18C /* UITableView+Reusable.swift in Sources */ = {isa = PBXBuildFile; fileRef = 4E2304FF1F2FA01E000AB18C /* UITableView+Reusable.swift */; };
		4E2BB6731F3132B8002DD4EE /* SignUpCellContent.swift in Sources */ = {isa = PBXBuildFile; fileRef = 4E2BB6721F3132B8002DD4EE /* SignUpCellContent.swift */; };
		4E2E2F501F3A460A0063E466 /* CreditCardUIController.xib in Resources */ = {isa = PBXBuildFile; fileRef = 4EFF0DD21F3A458200F4D250 /* CreditCardUIController.xib */; };
		4E2E2F531F3A8F4A0063E466 /* String+Substring.swift in Sources */ = {isa = PBXBuildFile; fileRef = 4E2E2F521F3A8F4A0063E466 /* String+Substring.swift */; };
		4E47866F1F30DA7C007ABE00 /* ValidationManager.swift in Sources */ = {isa = PBXBuildFile; fileRef = 4E47866E1F30DA7C007ABE00 /* ValidationManager.swift */; };
		4E4786711F30DAB1007ABE00 /* Validation.swift in Sources */ = {isa = PBXBuildFile; fileRef = 4E4786701F30DAB1007ABE00 /* Validation.swift */; };
		4E4F38FD1F39F90C00003131 /* CreditCardTextFieldFactory.swift in Sources */ = {isa = PBXBuildFile; fileRef = 4E4F38FC1F39F90C00003131 /* CreditCardTextFieldFactory.swift */; };
		4E56D9121F2DFE5100736ABB /* UIFont+Helvetica.swift in Sources */ = {isa = PBXBuildFile; fileRef = 4E56D9111F2DFE5100736ABB /* UIFont+Helvetica.swift */; };
		4E5B08861F04731C00236A9E /* AppDelegate.swift in Sources */ = {isa = PBXBuildFile; fileRef = 4E5B08851F04731C00236A9E /* AppDelegate.swift */; };
		4E5B088D1F04731C00236A9E /* Assets.xcassets in Resources */ = {isa = PBXBuildFile; fileRef = 4E5B088C1F04731C00236A9E /* Assets.xcassets */; };
		4E632E211F264A8900CDE02D /* SignUpViewController.swift in Sources */ = {isa = PBXBuildFile; fileRef = 4E632E201F264A8900CDE02D /* SignUpViewController.swift */; };
		4E6A08851F251D240044570C /* SignInToolbar.swift in Sources */ = {isa = PBXBuildFile; fileRef = 4E6A08841F251D240044570C /* SignInToolbar.swift */; };
		4E7253541F37BC8E006382B4 /* TabBar.storyboard in Resources */ = {isa = PBXBuildFile; fileRef = 4E7253521F37BC8E006382B4 /* TabBar.storyboard */; };
		4E7253561F37BE4B006382B4 /* Constants.swift in Sources */ = {isa = PBXBuildFile; fileRef = 4E7253551F37BE4B006382B4 /* Constants.swift */; };
		4E7253591F37CE89006382B4 /* SignUpGenderTableViewCell.swift in Sources */ = {isa = PBXBuildFile; fileRef = 4E7253571F37CE89006382B4 /* SignUpGenderTableViewCell.swift */; };
		4E72535A1F37CE89006382B4 /* SignUpGenderTableViewCell.xib in Resources */ = {isa = PBXBuildFile; fileRef = 4E7253581F37CE89006382B4 /* SignUpGenderTableViewCell.xib */; };
		4E72535C1F37CF33006382B4 /* SignUpBaseTableViewCell.swift in Sources */ = {isa = PBXBuildFile; fileRef = 4E72535B1F37CF33006382B4 /* SignUpBaseTableViewCell.swift */; };
		4E72535E1F37D535006382B4 /* SignUpCellFactory.swift in Sources */ = {isa = PBXBuildFile; fileRef = 4E72535D1F37D535006382B4 /* SignUpCellFactory.swift */; };
		4E7253601F37D982006382B4 /* SignUpContentable.swift in Sources */ = {isa = PBXBuildFile; fileRef = 4E72535F1F37D982006382B4 /* SignUpContentable.swift */; };
		4E7253621F37DBB9006382B4 /* CheckBoxButton.swift in Sources */ = {isa = PBXBuildFile; fileRef = 4E7253611F37DBB8006382B4 /* CheckBoxButton.swift */; };
		4E7D94E31F2384E700C7BB4B /* LoginViewController.swift in Sources */ = {isa = PBXBuildFile; fileRef = 4E7D94E21F2384E700C7BB4B /* LoginViewController.swift */; };
		4E7D94E51F23852800C7BB4B /* GradientButton.swift in Sources */ = {isa = PBXBuildFile; fileRef = 4E7D94E41F23852800C7BB4B /* GradientButton.swift */; };
		4E7D94E71F238CB000C7BB4B /* LaunchScreen.storyboard in Resources */ = {isa = PBXBuildFile; fileRef = 4E7D94E61F238CB000C7BB4B /* LaunchScreen.storyboard */; };
		4E89E05E1F2EC260008C658D /* FacebookAPIGraphManager.swift in Sources */ = {isa = PBXBuildFile; fileRef = 4E89E05D1F2EC260008C658D /* FacebookAPIGraphManager.swift */; };
		4EBCA5DE1F3C0D5E00F854E2 /* GradientStatesButton.swift in Sources */ = {isa = PBXBuildFile; fileRef = 4EBCA5DD1F3C0D5E00F854E2 /* GradientStatesButton.swift */; };
		4ECA406C1F24BBB3003F51EA /* SignInViewController.swift in Sources */ = {isa = PBXBuildFile; fileRef = 4ECA406B1F24BBB3003F51EA /* SignInViewController.swift */; };
		4ECA406E1F24BD31003F51EA /* HampViewController.swift in Sources */ = {isa = PBXBuildFile; fileRef = 4ECA406D1F24BD31003F51EA /* HampViewController.swift */; };
		4ECA40701F24BD96003F51EA /* LogoTitleBaseViewController.swift in Sources */ = {isa = PBXBuildFile; fileRef = 4ECA406F1F24BD96003F51EA /* LogoTitleBaseViewController.swift */; };
		4ECA40721F24C0DA003F51EA /* HampTextField.swift in Sources */ = {isa = PBXBuildFile; fileRef = 4ECA40711F24C0DA003F51EA /* HampTextField.swift */; };
		4ECA40741F24D4E4003F51EA /* InputTextField.swift in Sources */ = {isa = PBXBuildFile; fileRef = 4ECA40731F24D4E4003F51EA /* InputTextField.swift */; };
		4ECFAFCA1F2534BD005FDF05 /* UIImage+Color.swift in Sources */ = {isa = PBXBuildFile; fileRef = 4ECFAFC91F2534BD005FDF05 /* UIImage+Color.swift */; };
		4ECFFAA21F30BE790043D4B5 /* Login.storyboard in Resources */ = {isa = PBXBuildFile; fileRef = 4ECFFAA41F30BE790043D4B5 /* Login.storyboard */; };
		4ECFFAAD1F30C0FF0043D4B5 /* Localizable.strings in Resources */ = {isa = PBXBuildFile; fileRef = 4ECFFAAF1F30C0FF0043D4B5 /* Localizable.strings */; };
		4ECFFAB21F30C22B0043D4B5 /* Localization.swift in Sources */ = {isa = PBXBuildFile; fileRef = 4ECFFAB11F30C22B0043D4B5 /* Localization.swift */; };
		4EDF10041F236AE4007E15E9 /* FredokaOne-Regular.ttf in Resources */ = {isa = PBXBuildFile; fileRef = 4EDF10031F236A84007E15E9 /* FredokaOne-Regular.ttf */; };
		4EDF102B1F237D4E007E15E9 /* GradientLayer.swift in Sources */ = {isa = PBXBuildFile; fileRef = 4EDF102A1F237D4E007E15E9 /* GradientLayer.swift */; };
		4EEA1A171F2380B50070E17A /* UIColor+Hamp.swift in Sources */ = {isa = PBXBuildFile; fileRef = 4EEA1A161F2380B50070E17A /* UIColor+Hamp.swift */; };
		4EFF0DCF1F3A38EC00F4D250 /* CreditCardInputTextFieldMaskManager.swift in Sources */ = {isa = PBXBuildFile; fileRef = 4EFF0DCE1F3A38EC00F4D250 /* CreditCardInputTextFieldMaskManager.swift */; };
		9C5195597F7D4604999355E1 /* Pods_Hamp.framework in Frameworks */ = {isa = PBXBuildFile; fileRef = FC7C78EEC0E6BE64645FDEEA /* Pods_Hamp.framework */; };
/* End PBXBuildFile section */

/* Begin PBXFileReference section */
		206A3DD2C6B0943389014710 /* Pods-HampTests.release.xcconfig */ = {isa = PBXFileReference; includeInIndex = 1; lastKnownFileType = text.xcconfig; name = "Pods-HampTests.release.xcconfig"; path = "Pods/Target Support Files/Pods-HampTests/Pods-HampTests.release.xcconfig"; sourceTree = "<group>"; };
		2250B602B6AA5890F7C32682 /* Pods-HampUITests.release.xcconfig */ = {isa = PBXFileReference; includeInIndex = 1; lastKnownFileType = text.xcconfig; name = "Pods-HampUITests.release.xcconfig"; path = "Pods/Target Support Files/Pods-HampUITests/Pods-HampUITests.release.xcconfig"; sourceTree = "<group>"; };
		4E05933E1F37E1E9008A3B46 /* UIView+Corner.swift */ = {isa = PBXFileReference; lastKnownFileType = sourcecode.swift; path = "UIView+Corner.swift"; sourceTree = "<group>"; };
		4E0855E01F3B68BA0086CB76 /* UIView+Shake.swift */ = {isa = PBXFileReference; lastKnownFileType = sourcecode.swift; path = "UIView+Shake.swift"; sourceTree = "<group>"; };
		4E08EBF51F2F87C2007C0DFF /* SignUpTextFieldTableViewCell.swift */ = {isa = PBXFileReference; lastKnownFileType = sourcecode.swift; path = SignUpTextFieldTableViewCell.swift; sourceTree = "<group>"; };
		4E08EBF61F2F87C2007C0DFF /* SignUpTextFieldTableViewCell.xib */ = {isa = PBXFileReference; lastKnownFileType = file.xib; path = SignUpTextFieldTableViewCell.xib; sourceTree = "<group>"; };
		4E08EBF91F2F9336007C0DFF /* SignUpCellContentFactory.swift */ = {isa = PBXFileReference; lastKnownFileType = sourcecode.swift; path = SignUpCellContentFactory.swift; sourceTree = "<group>"; };
		4E1680B91F390ED900EF83A0 /* UIView+Shadow.swift */ = {isa = PBXFileReference; lastKnownFileType = sourcecode.swift; path = "UIView+Shadow.swift"; sourceTree = "<group>"; };
		4E22CF591F3886D100EEC314 /* UIAlertController+AlertAction.swift */ = {isa = PBXFileReference; lastKnownFileType = sourcecode.swift; path = "UIAlertController+AlertAction.swift"; sourceTree = "<group>"; };
		4E22CF651F38EAB700EEC314 /* FabricManager.swift */ = {isa = PBXFileReference; lastKnownFileType = sourcecode.swift; path = FabricManager.swift; sourceTree = "<group>"; };
		4E22CF6C1F38F9DD00EEC314 /* CreditCardUIController.swift */ = {isa = PBXFileReference; lastKnownFileType = sourcecode.swift; path = CreditCardUIController.swift; sourceTree = "<group>"; };
		4E22CF6E1F38FD1C00EEC314 /* UIView+Nib.swift */ = {isa = PBXFileReference; lastKnownFileType = sourcecode.swift; path = "UIView+Nib.swift"; sourceTree = "<group>"; };
		4E22CF701F38FF5400EEC314 /* NewCreditCardViewController.swift */ = {isa = PBXFileReference; lastKnownFileType = sourcecode.swift; path = NewCreditCardViewController.swift; sourceTree = "<group>"; };
		4E2304F91F2F9830000AB18C /* SingUpContentableCell.swift */ = {isa = PBXFileReference; lastKnownFileType = sourcecode.swift; path = SingUpContentableCell.swift; sourceTree = "<group>"; };
		4E2304FD1F2F9FB2000AB18C /* Reusable.swift */ = {isa = PBXFileReference; lastKnownFileType = sourcecode.swift; path = Reusable.swift; sourceTree = "<group>"; };
		4E2304FF1F2FA01E000AB18C /* UITableView+Reusable.swift */ = {isa = PBXFileReference; lastKnownFileType = sourcecode.swift; path = "UITableView+Reusable.swift"; sourceTree = "<group>"; };
		4E2BB6721F3132B8002DD4EE /* SignUpCellContent.swift */ = {isa = PBXFileReference; lastKnownFileType = sourcecode.swift; path = SignUpCellContent.swift; sourceTree = "<group>"; };
		4E2E2F521F3A8F4A0063E466 /* String+Substring.swift */ = {isa = PBXFileReference; lastKnownFileType = sourcecode.swift; path = "String+Substring.swift"; sourceTree = "<group>"; };
		4E47866E1F30DA7C007ABE00 /* ValidationManager.swift */ = {isa = PBXFileReference; lastKnownFileType = sourcecode.swift; path = ValidationManager.swift; sourceTree = "<group>"; };
		4E4786701F30DAB1007ABE00 /* Validation.swift */ = {isa = PBXFileReference; lastKnownFileType = sourcecode.swift; path = Validation.swift; sourceTree = "<group>"; };
		4E4F38FC1F39F90C00003131 /* CreditCardTextFieldFactory.swift */ = {isa = PBXFileReference; lastKnownFileType = sourcecode.swift; path = CreditCardTextFieldFactory.swift; sourceTree = "<group>"; };
		4E56D9111F2DFE5100736ABB /* UIFont+Helvetica.swift */ = {isa = PBXFileReference; lastKnownFileType = sourcecode.swift; path = "UIFont+Helvetica.swift"; sourceTree = "<group>"; };
		4E5B08821F04731C00236A9E /* Hamp.app */ = {isa = PBXFileReference; explicitFileType = wrapper.application; includeInIndex = 0; path = Hamp.app; sourceTree = BUILT_PRODUCTS_DIR; };
		4E5B08851F04731C00236A9E /* AppDelegate.swift */ = {isa = PBXFileReference; lastKnownFileType = sourcecode.swift; path = AppDelegate.swift; sourceTree = "<group>"; };
		4E5B088C1F04731C00236A9E /* Assets.xcassets */ = {isa = PBXFileReference; lastKnownFileType = folder.assetcatalog; path = Assets.xcassets; sourceTree = "<group>"; };
		4E5B08911F04731C00236A9E /* Info.plist */ = {isa = PBXFileReference; lastKnownFileType = text.plist.xml; path = Info.plist; sourceTree = "<group>"; };
		4E5B089A1F04731C00236A9E /* HampTests.swift */ = {isa = PBXFileReference; lastKnownFileType = sourcecode.swift; path = HampTests.swift; sourceTree = "<group>"; };
		4E5B089C1F04731C00236A9E /* Info.plist */ = {isa = PBXFileReference; lastKnownFileType = text.plist.xml; path = Info.plist; sourceTree = "<group>"; };
		4E5B08A51F04731C00236A9E /* HampUITests.swift */ = {isa = PBXFileReference; lastKnownFileType = sourcecode.swift; path = HampUITests.swift; sourceTree = "<group>"; };
		4E5B08A71F04731C00236A9E /* Info.plist */ = {isa = PBXFileReference; lastKnownFileType = text.plist.xml; path = Info.plist; sourceTree = "<group>"; };
		4E632E201F264A8900CDE02D /* SignUpViewController.swift */ = {isa = PBXFileReference; lastKnownFileType = sourcecode.swift; path = SignUpViewController.swift; sourceTree = "<group>"; };
		4E6A08841F251D240044570C /* SignInToolbar.swift */ = {isa = PBXFileReference; lastKnownFileType = sourcecode.swift; path = SignInToolbar.swift; sourceTree = "<group>"; };
		4E7253531F37BC8E006382B4 /* Base */ = {isa = PBXFileReference; lastKnownFileType = file.storyboard; name = Base; path = Base.lproj/TabBar.storyboard; sourceTree = "<group>"; };
		4E7253551F37BE4B006382B4 /* Constants.swift */ = {isa = PBXFileReference; lastKnownFileType = sourcecode.swift; path = Constants.swift; sourceTree = "<group>"; };
		4E7253571F37CE89006382B4 /* SignUpGenderTableViewCell.swift */ = {isa = PBXFileReference; lastKnownFileType = sourcecode.swift; path = SignUpGenderTableViewCell.swift; sourceTree = "<group>"; };
		4E7253581F37CE89006382B4 /* SignUpGenderTableViewCell.xib */ = {isa = PBXFileReference; lastKnownFileType = file.xib; path = SignUpGenderTableViewCell.xib; sourceTree = "<group>"; };
		4E72535B1F37CF33006382B4 /* SignUpBaseTableViewCell.swift */ = {isa = PBXFileReference; lastKnownFileType = sourcecode.swift; path = SignUpBaseTableViewCell.swift; sourceTree = "<group>"; };
		4E72535D1F37D535006382B4 /* SignUpCellFactory.swift */ = {isa = PBXFileReference; lastKnownFileType = sourcecode.swift; path = SignUpCellFactory.swift; sourceTree = "<group>"; };
		4E72535F1F37D982006382B4 /* SignUpContentable.swift */ = {isa = PBXFileReference; lastKnownFileType = sourcecode.swift; path = SignUpContentable.swift; sourceTree = "<group>"; };
		4E7253611F37DBB8006382B4 /* CheckBoxButton.swift */ = {isa = PBXFileReference; lastKnownFileType = sourcecode.swift; path = CheckBoxButton.swift; sourceTree = "<group>"; };
		4E7D94E21F2384E700C7BB4B /* LoginViewController.swift */ = {isa = PBXFileReference; lastKnownFileType = sourcecode.swift; path = LoginViewController.swift; sourceTree = "<group>"; };
		4E7D94E41F23852800C7BB4B /* GradientButton.swift */ = {isa = PBXFileReference; lastKnownFileType = sourcecode.swift; path = GradientButton.swift; sourceTree = "<group>"; };
		4E7D94E61F238CB000C7BB4B /* LaunchScreen.storyboard */ = {isa = PBXFileReference; lastKnownFileType = file.storyboard; path = LaunchScreen.storyboard; sourceTree = "<group>"; };
		4E89E05D1F2EC260008C658D /* FacebookAPIGraphManager.swift */ = {isa = PBXFileReference; lastKnownFileType = sourcecode.swift; path = FacebookAPIGraphManager.swift; sourceTree = "<group>"; };
		4EBCA5DD1F3C0D5E00F854E2 /* GradientStatesButton.swift */ = {isa = PBXFileReference; lastKnownFileType = sourcecode.swift; path = GradientStatesButton.swift; sourceTree = "<group>"; };
		4ECA406B1F24BBB3003F51EA /* SignInViewController.swift */ = {isa = PBXFileReference; lastKnownFileType = sourcecode.swift; path = SignInViewController.swift; sourceTree = "<group>"; };
		4ECA406D1F24BD31003F51EA /* HampViewController.swift */ = {isa = PBXFileReference; lastKnownFileType = sourcecode.swift; path = HampViewController.swift; sourceTree = "<group>"; };
		4ECA406F1F24BD96003F51EA /* LogoTitleBaseViewController.swift */ = {isa = PBXFileReference; lastKnownFileType = sourcecode.swift; path = LogoTitleBaseViewController.swift; sourceTree = "<group>"; };
		4ECA40711F24C0DA003F51EA /* HampTextField.swift */ = {isa = PBXFileReference; lastKnownFileType = sourcecode.swift; path = HampTextField.swift; sourceTree = "<group>"; };
		4ECA40731F24D4E4003F51EA /* InputTextField.swift */ = {isa = PBXFileReference; lastKnownFileType = sourcecode.swift; path = InputTextField.swift; sourceTree = "<group>"; };
		4ECFAFC91F2534BD005FDF05 /* UIImage+Color.swift */ = {isa = PBXFileReference; lastKnownFileType = sourcecode.swift; path = "UIImage+Color.swift"; sourceTree = "<group>"; };
		4ECFFAA31F30BE790043D4B5 /* Base */ = {isa = PBXFileReference; lastKnownFileType = file.storyboard; name = Base; path = Base.lproj/Login.storyboard; sourceTree = "<group>"; };
		4ECFFAAA1F30C0A40043D4B5 /* es */ = {isa = PBXFileReference; lastKnownFileType = text.plist.strings; name = es; path = es.lproj/Login.strings; sourceTree = "<group>"; };
		4ECFFAAE1F30C0FF0043D4B5 /* en */ = {isa = PBXFileReference; lastKnownFileType = text.plist.strings; name = en; path = en.lproj/Localizable.strings; sourceTree = "<group>"; };
		4ECFFAB01F30C1010043D4B5 /* es */ = {isa = PBXFileReference; lastKnownFileType = text.plist.strings; name = es; path = es.lproj/Localization.strings; sourceTree = "<group>"; };
		4ECFFAB11F30C22B0043D4B5 /* Localization.swift */ = {isa = PBXFileReference; lastKnownFileType = sourcecode.swift; path = Localization.swift; sourceTree = "<group>"; };
		4EDC394C1F263F2400947007 /* FBSDKLoginKit.framework */ = {isa = PBXFileReference; lastKnownFileType = wrapper.framework; name = FBSDKLoginKit.framework; path = ../Facebook/FBSDKLoginKit.framework; sourceTree = "<group>"; };
		4EDF10031F236A84007E15E9 /* FredokaOne-Regular.ttf */ = {isa = PBXFileReference; lastKnownFileType = file; path = "FredokaOne-Regular.ttf"; sourceTree = "<group>"; };
		4EDF102A1F237D4E007E15E9 /* GradientLayer.swift */ = {isa = PBXFileReference; lastKnownFileType = sourcecode.swift; path = GradientLayer.swift; sourceTree = "<group>"; };
		4EEA1A161F2380B50070E17A /* UIColor+Hamp.swift */ = {isa = PBXFileReference; lastKnownFileType = sourcecode.swift; path = "UIColor+Hamp.swift"; sourceTree = "<group>"; };
		4EFF0DCE1F3A38EC00F4D250 /* CreditCardInputTextFieldMaskManager.swift */ = {isa = PBXFileReference; lastKnownFileType = sourcecode.swift; name = CreditCardInputTextFieldMaskManager.swift; path = Delegate/CreditCardInputTextFieldMaskManager.swift; sourceTree = "<group>"; };
		4EFF0DD21F3A458200F4D250 /* CreditCardUIController.xib */ = {isa = PBXFileReference; lastKnownFileType = file.xib; path = CreditCardUIController.xib; sourceTree = "<group>"; };
		614C810922CFEC0731C0D9D8 /* Pods-Hamp.debug.xcconfig */ = {isa = PBXFileReference; includeInIndex = 1; lastKnownFileType = text.xcconfig; name = "Pods-Hamp.debug.xcconfig"; path = "Pods/Target Support Files/Pods-Hamp/Pods-Hamp.debug.xcconfig"; sourceTree = "<group>"; };
		9C4FBE7AE31A21445A6CE888 /* Pods_HampUITests.framework */ = {isa = PBXFileReference; explicitFileType = wrapper.framework; includeInIndex = 0; path = Pods_HampUITests.framework; sourceTree = BUILT_PRODUCTS_DIR; };
		CC6E5C16DECEC990824F825C /* Pods-HampTests.debug.xcconfig */ = {isa = PBXFileReference; includeInIndex = 1; lastKnownFileType = text.xcconfig; name = "Pods-HampTests.debug.xcconfig"; path = "Pods/Target Support Files/Pods-HampTests/Pods-HampTests.debug.xcconfig"; sourceTree = "<group>"; };
		D020784CAB42E211144BDAFA /* Pods-Hamp.release.xcconfig */ = {isa = PBXFileReference; includeInIndex = 1; lastKnownFileType = text.xcconfig; name = "Pods-Hamp.release.xcconfig"; path = "Pods/Target Support Files/Pods-Hamp/Pods-Hamp.release.xcconfig"; sourceTree = "<group>"; };
		D993B21BB4F7413B434D8295 /* Pods-HampUITests.debug.xcconfig */ = {isa = PBXFileReference; includeInIndex = 1; lastKnownFileType = text.xcconfig; name = "Pods-HampUITests.debug.xcconfig"; path = "Pods/Target Support Files/Pods-HampUITests/Pods-HampUITests.debug.xcconfig"; sourceTree = "<group>"; };
		DDC5808EA03F5DF9E1401416 /* Pods_HampTests.framework */ = {isa = PBXFileReference; explicitFileType = wrapper.framework; includeInIndex = 0; path = Pods_HampTests.framework; sourceTree = BUILT_PRODUCTS_DIR; };
		FC7C78EEC0E6BE64645FDEEA /* Pods_Hamp.framework */ = {isa = PBXFileReference; explicitFileType = wrapper.framework; includeInIndex = 0; path = Pods_Hamp.framework; sourceTree = BUILT_PRODUCTS_DIR; };
/* End PBXFileReference section */

/* Begin PBXFrameworksBuildPhase section */
		4E5B087F1F04731C00236A9E /* Frameworks */ = {
			isa = PBXFrameworksBuildPhase;
			buildActionMask = 2147483647;
			files = (
				9C5195597F7D4604999355E1 /* Pods_Hamp.framework in Frameworks */,
			);
			runOnlyForDeploymentPostprocessing = 0;
		};
/* End PBXFrameworksBuildPhase section */

/* Begin PBXGroup section */
		4E22CF671F38F74900EEC314 /* Credit Card */ = {
			isa = PBXGroup;
			children = (
				4E22CF701F38FF5400EEC314 /* NewCreditCardViewController.swift */,
			);
			path = "Credit Card";
			sourceTree = "<group>";
		};
		4E22CF681F38F7A200EEC314 /* Sign up */ = {
			isa = PBXGroup;
			children = (
				4E08EBF51F2F87C2007C0DFF /* SignUpTextFieldTableViewCell.swift */,
				4E08EBF61F2F87C2007C0DFF /* SignUpTextFieldTableViewCell.xib */,
				4E7253571F37CE89006382B4 /* SignUpGenderTableViewCell.swift */,
				4E7253581F37CE89006382B4 /* SignUpGenderTableViewCell.xib */,
			);
			path = "Sign up";
			sourceTree = "<group>";
		};
		4E22CF691F38F9BF00EEC314 /* Credit Card */ = {
			isa = PBXGroup;
			children = (
				4EFF0DD21F3A458200F4D250 /* CreditCardUIController.xib */,
				4E22CF6C1F38F9DD00EEC314 /* CreditCardUIController.swift */,
			);
			path = "Credit Card";
			sourceTree = "<group>";
		};
		4E2304F81F2F9803000AB18C /* Protocols */ = {
			isa = PBXGroup;
			children = (
				4E2304F91F2F9830000AB18C /* SingUpContentableCell.swift */,
				4E2304FD1F2F9FB2000AB18C /* Reusable.swift */,
				4E72535F1F37D982006382B4 /* SignUpContentable.swift */,
			);
			path = Protocols;
			sourceTree = "<group>";
		};
		4E2BB6711F3132A0002DD4EE /* Contents */ = {
			isa = PBXGroup;
			children = (
				4E2BB6721F3132B8002DD4EE /* SignUpCellContent.swift */,
			);
			path = Contents;
			sourceTree = "<group>";
		};
		4E2E2F511F3A87040063E466 /* UI Controllers */ = {
			isa = PBXGroup;
			children = (
				4E22CF691F38F9BF00EEC314 /* Credit Card */,
			);
			path = "UI Controllers";
			sourceTree = "<group>";
		};
		4E47866D1F30DA67007ABE00 /* Validation */ = {
			isa = PBXGroup;
			children = (
				4E47866E1F30DA7C007ABE00 /* ValidationManager.swift */,
				4E4786701F30DAB1007ABE00 /* Validation.swift */,
			);
			path = Validation;
			sourceTree = "<group>";
		};
		4E4F38FB1F39F83400003131 /* Delegate */ = {
			isa = PBXGroup;
			children = (
			);
			path = Delegate;
			sourceTree = "<group>";
		};
		4E5B08791F04731C00236A9E = {
			isa = PBXGroup;
			children = (
				4E5B08841F04731C00236A9E /* Hamp */,
				4E5B08991F04731C00236A9E /* HampTests */,
				4E5B08A41F04731C00236A9E /* HampUITests */,
				4E5B08831F04731C00236A9E /* Products */,
				F07EEE7ED6F7BB656045FC7B /* Pods */,
				51541EF23E41448D2B691C0C /* Frameworks */,
			);
			sourceTree = "<group>";
		};
		4E5B08831F04731C00236A9E /* Products */ = {
			isa = PBXGroup;
			children = (
				4E5B08821F04731C00236A9E /* Hamp.app */,
			);
			name = Products;
			sourceTree = "<group>";
		};
		4E5B08841F04731C00236A9E /* Hamp */ = {
			isa = PBXGroup;
			children = (
				4E5B08851F04731C00236A9E /* AppDelegate.swift */,
				4E7D94E01F2384CE00C7BB4B /* ViewControllers */,
				4EDF102C1F237E03007E15E9 /* Model */,
				4EDF10051F236E21007E15E9 /* View */,
				4E2E2F511F3A87040063E466 /* UI Controllers */,
				4E89E05C1F2EC24C008C658D /* Utils */,
				4EEA1A151F2380A00070E17A /* Extensions */,
				4E47866D1F30DA67007ABE00 /* Validation */,
				4ECFFAA11F30BDF70043D4B5 /* Localization */,
				4E5B08B41F04733900236A9E /* Supporting Files */,
			);
			path = Hamp;
			sourceTree = "<group>";
		};
		4E5B08991F04731C00236A9E /* HampTests */ = {
			isa = PBXGroup;
			children = (
				4E5B089A1F04731C00236A9E /* HampTests.swift */,
				4E5B089C1F04731C00236A9E /* Info.plist */,
			);
			path = HampTests;
			sourceTree = "<group>";
		};
		4E5B08A41F04731C00236A9E /* HampUITests */ = {
			isa = PBXGroup;
			children = (
				4E5B08A51F04731C00236A9E /* HampUITests.swift */,
				4E5B08A71F04731C00236A9E /* Info.plist */,
			);
			path = HampUITests;
			sourceTree = "<group>";
		};
		4E5B08B41F04733900236A9E /* Supporting Files */ = {
			isa = PBXGroup;
			children = (
				4E7253521F37BC8E006382B4 /* TabBar.storyboard */,
				4ECFFAAF1F30C0FF0043D4B5 /* Localizable.strings */,
				4ECFFAA41F30BE790043D4B5 /* Login.storyboard */,
				4E7D94E61F238CB000C7BB4B /* LaunchScreen.storyboard */,
				4EDF10021F236A84007E15E9 /* Fonts */,
				4E5B088C1F04731C00236A9E /* Assets.xcassets */,
				4E5B08911F04731C00236A9E /* Info.plist */,
				4E7253551F37BE4B006382B4 /* Constants.swift */,
			);
			path = "Supporting Files";
			sourceTree = "<group>";
		};
		4E632E221F264C5C00CDE02D /* Data Source */ = {
			isa = PBXGroup;
			children = (
			);
			path = "Data Source";
			sourceTree = "<group>";
		};
		4E632E271F26508000CDE02D /* Factory */ = {
			isa = PBXGroup;
			children = (
				4E08EBF91F2F9336007C0DFF /* SignUpCellContentFactory.swift */,
				4E72535D1F37D535006382B4 /* SignUpCellFactory.swift */,
				4E4F38FC1F39F90C00003131 /* CreditCardTextFieldFactory.swift */,
			);
			path = Factory;
			sourceTree = "<group>";
		};
		4E6A08811F251B170044570C /* IB */ = {
			isa = PBXGroup;
			children = (
				4E22CF681F38F7A200EEC314 /* Sign up */,
			);
			path = IB;
			sourceTree = "<group>";
		};
		4E7D94E01F2384CE00C7BB4B /* ViewControllers */ = {
			isa = PBXGroup;
			children = (
				4E22CF671F38F74900EEC314 /* Credit Card */,
				4ECA40681F24B8AF003F51EA /* Base View Controllers */,
				4E7D94E11F2384D900C7BB4B /* Login */,
			);
			path = ViewControllers;
			sourceTree = "<group>";
		};
		4E7D94E11F2384D900C7BB4B /* Login */ = {
			isa = PBXGroup;
			children = (
				4E7D94E21F2384E700C7BB4B /* LoginViewController.swift */,
				4E632E201F264A8900CDE02D /* SignUpViewController.swift */,
				4ECA406B1F24BBB3003F51EA /* SignInViewController.swift */,
			);
			path = Login;
			sourceTree = "<group>";
		};
		4E89E05C1F2EC24C008C658D /* Utils */ = {
			isa = PBXGroup;
			children = (
				4E89E05D1F2EC260008C658D /* FacebookAPIGraphManager.swift */,
				4E22CF651F38EAB700EEC314 /* FabricManager.swift */,
			);
			path = Utils;
			sourceTree = "<group>";
		};
		4ECA40681F24B8AF003F51EA /* Base View Controllers */ = {
			isa = PBXGroup;
			children = (
				4ECA406D1F24BD31003F51EA /* HampViewController.swift */,
				4ECA406F1F24BD96003F51EA /* LogoTitleBaseViewController.swift */,
			);
			path = "Base View Controllers";
			sourceTree = "<group>";
		};
		4ECFFAA11F30BDF70043D4B5 /* Localization */ = {
			isa = PBXGroup;
			children = (
				4ECFFAB11F30C22B0043D4B5 /* Localization.swift */,
			);
			path = Localization;
			sourceTree = "<group>";
		};
		4EDF10021F236A84007E15E9 /* Fonts */ = {
			isa = PBXGroup;
			children = (
				4EDF10031F236A84007E15E9 /* FredokaOne-Regular.ttf */,
			);
			path = Fonts;
			sourceTree = "<group>";
		};
		4EDF10051F236E21007E15E9 /* View */ = {
			isa = PBXGroup;
			children = (
				4E6A08811F251B170044570C /* IB */,
				4EDF102A1F237D4E007E15E9 /* GradientLayer.swift */,
				4E7D94E41F23852800C7BB4B /* GradientButton.swift */,
				4ECA40711F24C0DA003F51EA /* HampTextField.swift */,
				4ECA40731F24D4E4003F51EA /* InputTextField.swift */,
				4E6A08841F251D240044570C /* SignInToolbar.swift */,
				4E72535B1F37CF33006382B4 /* SignUpBaseTableViewCell.swift */,
				4E7253611F37DBB8006382B4 /* CheckBoxButton.swift */,
				4EBCA5DD1F3C0D5E00F854E2 /* GradientStatesButton.swift */,
			);
			path = View;
			sourceTree = "<group>";
		};
		4EDF102C1F237E03007E15E9 /* Model */ = {
			isa = PBXGroup;
			children = (
				4E4F38FB1F39F83400003131 /* Delegate */,
				4E2BB6711F3132A0002DD4EE /* Contents */,
				4E2304F81F2F9803000AB18C /* Protocols */,
				4E632E271F26508000CDE02D /* Factory */,
				4E632E221F264C5C00CDE02D /* Data Source */,
				4EFF0DCE1F3A38EC00F4D250 /* CreditCardInputTextFieldMaskManager.swift */,
			);
			path = Model;
			sourceTree = "<group>";
		};
		4EEA1A151F2380A00070E17A /* Extensions */ = {
			isa = PBXGroup;
			children = (
				4EEA1A161F2380B50070E17A /* UIColor+Hamp.swift */,
				4ECFAFC91F2534BD005FDF05 /* UIImage+Color.swift */,
				4E56D9111F2DFE5100736ABB /* UIFont+Helvetica.swift */,
				4E2304FF1F2FA01E000AB18C /* UITableView+Reusable.swift */,
				4E05933E1F37E1E9008A3B46 /* UIView+Corner.swift */,
				4E22CF591F3886D100EEC314 /* UIAlertController+AlertAction.swift */,
				4E22CF6E1F38FD1C00EEC314 /* UIView+Nib.swift */,
				4E1680B91F390ED900EF83A0 /* UIView+Shadow.swift */,
				4E2E2F521F3A8F4A0063E466 /* String+Substring.swift */,
				4E0855E01F3B68BA0086CB76 /* UIView+Shake.swift */,
			);
			path = Extensions;
			sourceTree = "<group>";
		};
		51541EF23E41448D2B691C0C /* Frameworks */ = {
			isa = PBXGroup;
			children = (
				4EDC394C1F263F2400947007 /* FBSDKLoginKit.framework */,
				FC7C78EEC0E6BE64645FDEEA /* Pods_Hamp.framework */,
				DDC5808EA03F5DF9E1401416 /* Pods_HampTests.framework */,
				9C4FBE7AE31A21445A6CE888 /* Pods_HampUITests.framework */,
			);
			name = Frameworks;
			sourceTree = "<group>";
		};
		F07EEE7ED6F7BB656045FC7B /* Pods */ = {
			isa = PBXGroup;
			children = (
				614C810922CFEC0731C0D9D8 /* Pods-Hamp.debug.xcconfig */,
				D020784CAB42E211144BDAFA /* Pods-Hamp.release.xcconfig */,
				CC6E5C16DECEC990824F825C /* Pods-HampTests.debug.xcconfig */,
				206A3DD2C6B0943389014710 /* Pods-HampTests.release.xcconfig */,
				D993B21BB4F7413B434D8295 /* Pods-HampUITests.debug.xcconfig */,
				2250B602B6AA5890F7C32682 /* Pods-HampUITests.release.xcconfig */,
			);
			name = Pods;
			sourceTree = "<group>";
		};
/* End PBXGroup section */

/* Begin PBXNativeTarget section */
		4E5B08811F04731C00236A9E /* Hamp */ = {
			isa = PBXNativeTarget;
			buildConfigurationList = 4E5B08AA1F04731C00236A9E /* Build configuration list for PBXNativeTarget "Hamp" */;
			buildPhases = (
				B66C21CE2F1D4A6F5BBC4BB5 /* [CP] Check Pods Manifest.lock */,
				4E5B087E1F04731C00236A9E /* Sources */,
				4E5B087F1F04731C00236A9E /* Frameworks */,
				4E5B08801F04731C00236A9E /* Resources */,
				2F1E27E7C24DAF320DBD0D60 /* [CP] Embed Pods Frameworks */,
				B1EC8AF50916C5BE49E42728 /* [CP] Copy Pods Resources */,
				4E22CF641F38EA1000EEC314 /* Fabric */,
			);
			buildRules = (
			);
			dependencies = (
			);
			name = Hamp;
			productName = Hamp;
			productReference = 4E5B08821F04731C00236A9E /* Hamp.app */;
			productType = "com.apple.product-type.application";
		};
/* End PBXNativeTarget section */

/* Begin PBXProject section */
		4E5B087A1F04731C00236A9E /* Project object */ = {
			isa = PBXProject;
			attributes = {
				LastSwiftUpdateCheck = 0900;
				LastUpgradeCheck = 0900;
				ORGANIZATIONNAME = com.hamp.hampiOS;
				TargetAttributes = {
					4E5B08811F04731C00236A9E = {
						CreatedOnToolsVersion = 9.0;
					};
				};
			};
			buildConfigurationList = 4E5B087D1F04731C00236A9E /* Build configuration list for PBXProject "Hamp" */;
			compatibilityVersion = "Xcode 8.0";
			developmentRegion = en;
			hasScannedForEncodings = 0;
			knownRegions = (
				en,
				Base,
				es,
			);
			mainGroup = 4E5B08791F04731C00236A9E;
			productRefGroup = 4E5B08831F04731C00236A9E /* Products */;
			projectDirPath = "";
			projectRoot = "";
			targets = (
				4E5B08811F04731C00236A9E /* Hamp */,
			);
		};
/* End PBXProject section */

/* Begin PBXResourcesBuildPhase section */
		4E5B08801F04731C00236A9E /* Resources */ = {
			isa = PBXResourcesBuildPhase;
			buildActionMask = 2147483647;
			files = (
				4E2E2F501F3A460A0063E466 /* CreditCardUIController.xib in Resources */,
				4E7253541F37BC8E006382B4 /* TabBar.storyboard in Resources */,
				4ECFFAA21F30BE790043D4B5 /* Login.storyboard in Resources */,
				4ECFFAAD1F30C0FF0043D4B5 /* Localizable.strings in Resources */,
				4E5B088D1F04731C00236A9E /* Assets.xcassets in Resources */,
				4E72535A1F37CE89006382B4 /* SignUpGenderTableViewCell.xib in Resources */,
				4E7D94E71F238CB000C7BB4B /* LaunchScreen.storyboard in Resources */,
				4EDF10041F236AE4007E15E9 /* FredokaOne-Regular.ttf in Resources */,
				4E08EBF81F2F87C2007C0DFF /* SignUpTextFieldTableViewCell.xib in Resources */,
			);
			runOnlyForDeploymentPostprocessing = 0;
		};
/* End PBXResourcesBuildPhase section */

/* Begin PBXShellScriptBuildPhase section */
		2F1E27E7C24DAF320DBD0D60 /* [CP] Embed Pods Frameworks */ = {
			isa = PBXShellScriptBuildPhase;
			buildActionMask = 2147483647;
			files = (
			);
			inputPaths = (
			);
			name = "[CP] Embed Pods Frameworks";
			outputPaths = (
			);
			runOnlyForDeploymentPostprocessing = 0;
			shellPath = /bin/sh;
			shellScript = "\"${SRCROOT}/Pods/Target Support Files/Pods-Hamp/Pods-Hamp-frameworks.sh\"\n";
			showEnvVarsInLog = 0;
		};
		4E22CF641F38EA1000EEC314 /* Fabric */ = {
			isa = PBXShellScriptBuildPhase;
			buildActionMask = 2147483647;
			files = (
			);
			inputPaths = (
			);
			name = Fabric;
			outputPaths = (
			);
			runOnlyForDeploymentPostprocessing = 0;
			shellPath = /bin/sh;
			shellScript = "\"${PODS_ROOT}/Fabric/run\" b5eb697e63984f3db777aa1962a9591c228f8018 f4b61744d5462d42ca36ed3e0ecced8b7eac5d9bb80f35fcb7f32222518ca5b1";
		};
		B1EC8AF50916C5BE49E42728 /* [CP] Copy Pods Resources */ = {
			isa = PBXShellScriptBuildPhase;
			buildActionMask = 2147483647;
			files = (
			);
			inputPaths = (
			);
			name = "[CP] Copy Pods Resources";
			outputPaths = (
			);
			runOnlyForDeploymentPostprocessing = 0;
			shellPath = /bin/sh;
			shellScript = "\"${SRCROOT}/Pods/Target Support Files/Pods-Hamp/Pods-Hamp-resources.sh\"\n";
			showEnvVarsInLog = 0;
		};
		B66C21CE2F1D4A6F5BBC4BB5 /* [CP] Check Pods Manifest.lock */ = {
			isa = PBXShellScriptBuildPhase;
			buildActionMask = 2147483647;
			files = (
			);
			inputPaths = (
			);
			name = "[CP] Check Pods Manifest.lock";
			outputPaths = (
			);
			runOnlyForDeploymentPostprocessing = 0;
			shellPath = /bin/sh;
			shellScript = "diff \"${PODS_PODFILE_DIR_PATH}/Podfile.lock\" \"${PODS_ROOT}/Manifest.lock\" > /dev/null\nif [ $? != 0 ] ; then\n    # print error to STDERR\n    echo \"error: The sandbox is not in sync with the Podfile.lock. Run 'pod install' or update your CocoaPods installation.\" >&2\n    exit 1\nfi\n";
			showEnvVarsInLog = 0;
		};
/* End PBXShellScriptBuildPhase section */

/* Begin PBXSourcesBuildPhase section */
		4E5B087E1F04731C00236A9E /* Sources */ = {
			isa = PBXSourcesBuildPhase;
			buildActionMask = 2147483647;
			files = (
				4E7253561F37BE4B006382B4 /* Constants.swift in Sources */,
				4E22CF5A1F3886D100EEC314 /* UIAlertController+AlertAction.swift in Sources */,
				4E2305001F2FA01E000AB18C /* UITableView+Reusable.swift in Sources */,
				4EFF0DCF1F3A38EC00F4D250 /* CreditCardInputTextFieldMaskManager.swift in Sources */,
				4E1680BA1F390ED900EF83A0 /* UIView+Shadow.swift in Sources */,
				4ECA40741F24D4E4003F51EA /* InputTextField.swift in Sources */,
				4E7253601F37D982006382B4 /* SignUpContentable.swift in Sources */,
				4E08EBFA1F2F9336007C0DFF /* SignUpCellContentFactory.swift in Sources */,
				4E2BB6731F3132B8002DD4EE /* SignUpCellContent.swift in Sources */,
				4ECA406C1F24BBB3003F51EA /* SignInViewController.swift in Sources */,
				4E7D94E31F2384E700C7BB4B /* LoginViewController.swift in Sources */,
				4E2304FE1F2F9FB2000AB18C /* Reusable.swift in Sources */,
				4E7253591F37CE89006382B4 /* SignUpGenderTableViewCell.swift in Sources */,
				4E4F38FD1F39F90C00003131 /* CreditCardTextFieldFactory.swift in Sources */,
				4ECA406E1F24BD31003F51EA /* HampViewController.swift in Sources */,
				4E2304FA1F2F9830000AB18C /* SingUpContentableCell.swift in Sources */,
				4E22CF6F1F38FD1C00EEC314 /* UIView+Nib.swift in Sources */,
				4E22CF711F38FF5400EEC314 /* NewCreditCardViewController.swift in Sources */,
				4ECA40701F24BD96003F51EA /* LogoTitleBaseViewController.swift in Sources */,
				4E22CF6D1F38F9DD00EEC314 /* CreditCardUIController.swift in Sources */,
				4E72535E1F37D535006382B4 /* SignUpCellFactory.swift in Sources */,
				4E47866F1F30DA7C007ABE00 /* ValidationManager.swift in Sources */,
				4ECFAFCA1F2534BD005FDF05 /* UIImage+Color.swift in Sources */,
				4E56D9121F2DFE5100736ABB /* UIFont+Helvetica.swift in Sources */,
				4E4786711F30DAB1007ABE00 /* Validation.swift in Sources */,
				4E5B08861F04731C00236A9E /* AppDelegate.swift in Sources */,
				4EDF102B1F237D4E007E15E9 /* GradientLayer.swift in Sources */,
				4E05933F1F37E1E9008A3B46 /* UIView+Corner.swift in Sources */,
				4E2E2F531F3A8F4A0063E466 /* String+Substring.swift in Sources */,
				4EBCA5DE1F3C0D5E00F854E2 /* GradientStatesButton.swift in Sources */,
				4E72535C1F37CF33006382B4 /* SignUpBaseTableViewCell.swift in Sources */,
				4E7D94E51F23852800C7BB4B /* GradientButton.swift in Sources */,
				4E7253621F37DBB9006382B4 /* CheckBoxButton.swift in Sources */,
				4ECA40721F24C0DA003F51EA /* HampTextField.swift in Sources */,
				4E08EBF71F2F87C2007C0DFF /* SignUpTextFieldTableViewCell.swift in Sources */,
				4E0855E11F3B68BA0086CB76 /* UIView+Shake.swift in Sources */,
				4ECFFAB21F30C22B0043D4B5 /* Localization.swift in Sources */,
				4E6A08851F251D240044570C /* SignInToolbar.swift in Sources */,
				4E632E211F264A8900CDE02D /* SignUpViewController.swift in Sources */,
				4E89E05E1F2EC260008C658D /* FacebookAPIGraphManager.swift in Sources */,
				4EEA1A171F2380B50070E17A /* UIColor+Hamp.swift in Sources */,
				4E22CF661F38EAB700EEC314 /* FabricManager.swift in Sources */,
			);
			runOnlyForDeploymentPostprocessing = 0;
		};
/* End PBXSourcesBuildPhase section */

/* Begin PBXVariantGroup section */
		4E7253521F37BC8E006382B4 /* TabBar.storyboard */ = {
			isa = PBXVariantGroup;
			children = (
				4E7253531F37BC8E006382B4 /* Base */,
			);
			name = TabBar.storyboard;
			sourceTree = "<group>";
		};
		4ECFFAA41F30BE790043D4B5 /* Login.storyboard */ = {
			isa = PBXVariantGroup;
			children = (
				4ECFFAA31F30BE790043D4B5 /* Base */,
				4ECFFAAA1F30C0A40043D4B5 /* es */,
			);
			name = Login.storyboard;
			sourceTree = "<group>";
		};
		4ECFFAAF1F30C0FF0043D4B5 /* Localizable.strings */ = {
			isa = PBXVariantGroup;
			children = (
				4ECFFAAE1F30C0FF0043D4B5 /* en */,
				4ECFFAB01F30C1010043D4B5 /* es */,
			);
			name = Localizable.strings;
			sourceTree = "<group>";
		};
/* End PBXVariantGroup section */

/* Begin XCBuildConfiguration section */
		4E5B08A81F04731C00236A9E /* Debug */ = {
			isa = XCBuildConfiguration;
			buildSettings = {
				ALWAYS_SEARCH_USER_PATHS = NO;
				CLANG_ANALYZER_LOCALIZABILITY_NONLOCALIZED = YES;
				CLANG_ANALYZER_NONNULL = YES;
				CLANG_ANALYZER_NUMBER_OBJECT_CONVERSION = YES_AGGRESSIVE;
				CLANG_CXX_LANGUAGE_STANDARD = "gnu++14";
				CLANG_CXX_LIBRARY = "libc++";
				CLANG_ENABLE_MODULES = YES;
				CLANG_ENABLE_OBJC_ARC = YES;
				CLANG_WARN_BLOCK_CAPTURE_AUTORELEASING = YES;
				CLANG_WARN_BOOL_CONVERSION = YES;
				CLANG_WARN_COMMA = YES;
				CLANG_WARN_CONSTANT_CONVERSION = YES;
				CLANG_WARN_DIRECT_OBJC_ISA_USAGE = YES_ERROR;
				CLANG_WARN_DOCUMENTATION_COMMENTS = YES;
				CLANG_WARN_EMPTY_BODY = YES;
				CLANG_WARN_ENUM_CONVERSION = YES;
				CLANG_WARN_INFINITE_RECURSION = YES;
				CLANG_WARN_INT_CONVERSION = YES;
				CLANG_WARN_OBJC_ROOT_CLASS = YES_ERROR;
				CLANG_WARN_RANGE_LOOP_ANALYSIS = YES;
				CLANG_WARN_STRICT_PROTOTYPES = YES;
				CLANG_WARN_SUSPICIOUS_MOVE = YES;
				CLANG_WARN_UNGUARDED_AVAILABILITY = YES_AGGRESSIVE;
				CLANG_WARN_UNREACHABLE_CODE = YES;
				CLANG_WARN__DUPLICATE_METHOD_MATCH = YES;
				CODE_SIGN_IDENTITY = "iPhone Developer";
				COPY_PHASE_STRIP = NO;
				DEBUG_INFORMATION_FORMAT = dwarf;
				ENABLE_STRICT_OBJC_MSGSEND = YES;
				ENABLE_TESTABILITY = YES;
				FRAMEWORK_SEARCH_PATHS = (
					"$(SRCROOT)/**",
					"$(inherited)",
				);
				GCC_C_LANGUAGE_STANDARD = gnu11;
				GCC_DYNAMIC_NO_PIC = NO;
				GCC_NO_COMMON_BLOCKS = YES;
				GCC_OPTIMIZATION_LEVEL = 0;
				GCC_PREPROCESSOR_DEFINITIONS = (
					"DEBUG=1",
					"$(inherited)",
				);
				GCC_WARN_64_TO_32_BIT_CONVERSION = YES;
				GCC_WARN_ABOUT_RETURN_TYPE = YES_ERROR;
				GCC_WARN_UNDECLARED_SELECTOR = YES;
				GCC_WARN_UNINITIALIZED_AUTOS = YES_AGGRESSIVE;
				GCC_WARN_UNUSED_FUNCTION = YES;
				GCC_WARN_UNUSED_VARIABLE = YES;
				IPHONEOS_DEPLOYMENT_TARGET = 10.0;
				MTL_ENABLE_DEBUG_INFO = YES;
				ONLY_ACTIVE_ARCH = YES;
				SDKROOT = iphoneos;
				SWIFT_ACTIVE_COMPILATION_CONDITIONS = DEBUG;
				SWIFT_OPTIMIZATION_LEVEL = "-Onone";
			};
			name = Debug;
		};
		4E5B08A91F04731C00236A9E /* Release */ = {
			isa = XCBuildConfiguration;
			buildSettings = {
				ALWAYS_SEARCH_USER_PATHS = NO;
				CLANG_ANALYZER_LOCALIZABILITY_NONLOCALIZED = YES;
				CLANG_ANALYZER_NONNULL = YES;
				CLANG_ANALYZER_NUMBER_OBJECT_CONVERSION = YES_AGGRESSIVE;
				CLANG_CXX_LANGUAGE_STANDARD = "gnu++14";
				CLANG_CXX_LIBRARY = "libc++";
				CLANG_ENABLE_MODULES = YES;
				CLANG_ENABLE_OBJC_ARC = YES;
				CLANG_WARN_BLOCK_CAPTURE_AUTORELEASING = YES;
				CLANG_WARN_BOOL_CONVERSION = YES;
				CLANG_WARN_COMMA = YES;
				CLANG_WARN_CONSTANT_CONVERSION = YES;
				CLANG_WARN_DIRECT_OBJC_ISA_USAGE = YES_ERROR;
				CLANG_WARN_DOCUMENTATION_COMMENTS = YES;
				CLANG_WARN_EMPTY_BODY = YES;
				CLANG_WARN_ENUM_CONVERSION = YES;
				CLANG_WARN_INFINITE_RECURSION = YES;
				CLANG_WARN_INT_CONVERSION = YES;
				CLANG_WARN_OBJC_ROOT_CLASS = YES_ERROR;
				CLANG_WARN_RANGE_LOOP_ANALYSIS = YES;
				CLANG_WARN_STRICT_PROTOTYPES = YES;
				CLANG_WARN_SUSPICIOUS_MOVE = YES;
				CLANG_WARN_UNGUARDED_AVAILABILITY = YES_AGGRESSIVE;
				CLANG_WARN_UNREACHABLE_CODE = YES;
				CLANG_WARN__DUPLICATE_METHOD_MATCH = YES;
				CODE_SIGN_IDENTITY = "iPhone Developer";
				COPY_PHASE_STRIP = NO;
				DEBUG_INFORMATION_FORMAT = "dwarf-with-dsym";
				ENABLE_NS_ASSERTIONS = NO;
				ENABLE_STRICT_OBJC_MSGSEND = YES;
				FRAMEWORK_SEARCH_PATHS = (
					"$(SRCROOT)/**",
					"$(inherited)",
				);
				GCC_C_LANGUAGE_STANDARD = gnu11;
				GCC_NO_COMMON_BLOCKS = YES;
				GCC_WARN_64_TO_32_BIT_CONVERSION = YES;
				GCC_WARN_ABOUT_RETURN_TYPE = YES_ERROR;
				GCC_WARN_UNDECLARED_SELECTOR = YES;
				GCC_WARN_UNINITIALIZED_AUTOS = YES_AGGRESSIVE;
				GCC_WARN_UNUSED_FUNCTION = YES;
				GCC_WARN_UNUSED_VARIABLE = YES;
				IPHONEOS_DEPLOYMENT_TARGET = 10.0;
				MTL_ENABLE_DEBUG_INFO = NO;
				SDKROOT = iphoneos;
				SWIFT_OPTIMIZATION_LEVEL = "-Owholemodule";
				VALIDATE_PRODUCT = YES;
			};
			name = Release;
		};
		4E5B08AB1F04731C00236A9E /* Debug */ = {
			isa = XCBuildConfiguration;
			baseConfigurationReference = 614C810922CFEC0731C0D9D8 /* Pods-Hamp.debug.xcconfig */;
			buildSettings = {
				ASSETCATALOG_COMPILER_APPICON_NAME = AppIcon;
				DEVELOPMENT_TEAM = U9QF88MGC2;
				FRAMEWORK_SEARCH_PATHS = (
					"$(inherited)",
					"\"$PODS_CONFIGURATION_BUILD_DIR/Alamofire\"",
					"\"$PODS_CONFIGURATION_BUILD_DIR/GTMSessionFetcher\"",
					"\"$PODS_CONFIGURATION_BUILD_DIR/GoogleToolboxForMac\"",
					"\"$PODS_CONFIGURATION_BUILD_DIR/HampKit\"",
					"$(SRCROOT)/**",
				);
				INFOPLIST_FILE = "$(SRCROOT)/Hamp/Supporting Files/Info.plist";
				IPHONEOS_DEPLOYMENT_TARGET = 10.0;
				LD_RUNPATH_SEARCH_PATHS = "$(inherited) @executable_path/Frameworks";
				PRODUCT_BUNDLE_IDENTIFIER = com.Hamp.Hamp;
				PRODUCT_NAME = "$(TARGET_NAME)";
				SWIFT_VERSION = 4.0;
				TARGETED_DEVICE_FAMILY = 1;
			};
			name = Debug;
		};
		4E5B08AC1F04731C00236A9E /* Release */ = {
			isa = XCBuildConfiguration;
			baseConfigurationReference = D020784CAB42E211144BDAFA /* Pods-Hamp.release.xcconfig */;
			buildSettings = {
				ASSETCATALOG_COMPILER_APPICON_NAME = AppIcon;
				DEVELOPMENT_TEAM = U9QF88MGC2;
				FRAMEWORK_SEARCH_PATHS = (
					"$(inherited)",
					"\"$PODS_CONFIGURATION_BUILD_DIR/Alamofire\"",
					"\"$PODS_CONFIGURATION_BUILD_DIR/GTMSessionFetcher\"",
					"\"$PODS_CONFIGURATION_BUILD_DIR/GoogleToolboxForMac\"",
					"\"$PODS_CONFIGURATION_BUILD_DIR/HampKit\"",
					"$(SRCROOT)/**",
				);
				INFOPLIST_FILE = "$(SRCROOT)/Hamp/Supporting Files/Info.plist";
				IPHONEOS_DEPLOYMENT_TARGET = 10.0;
				LD_RUNPATH_SEARCH_PATHS = "$(inherited) @executable_path/Frameworks";
				PRODUCT_BUNDLE_IDENTIFIER = com.Hamp.Hamp;
				PRODUCT_NAME = "$(TARGET_NAME)";
				SWIFT_VERSION = 4.0;
				TARGETED_DEVICE_FAMILY = 1;
			};
			name = Release;
		};
/* End XCBuildConfiguration section */

/* Begin XCConfigurationList section */
		4E5B087D1F04731C00236A9E /* Build configuration list for PBXProject "Hamp" */ = {
			isa = XCConfigurationList;
			buildConfigurations = (
				4E5B08A81F04731C00236A9E /* Debug */,
				4E5B08A91F04731C00236A9E /* Release */,
			);
			defaultConfigurationIsVisible = 0;
			defaultConfigurationName = Release;
		};
		4E5B08AA1F04731C00236A9E /* Build configuration list for PBXNativeTarget "Hamp" */ = {
			isa = XCConfigurationList;
			buildConfigurations = (
				4E5B08AB1F04731C00236A9E /* Debug */,
				4E5B08AC1F04731C00236A9E /* Release */,
			);
			defaultConfigurationIsVisible = 0;
			defaultConfigurationName = Release;
		};
/* End XCConfigurationList section */
	};
	rootObject = 4E5B087A1F04731C00236A9E /* Project object */;
}
