// !$*UTF8*$!
{
	archiveVersion = 1;
	classes = {
	};
	objectVersion = 48;
	objects = {

/* Begin PBXBuildFile section */
		4E5B08861F04731C00236A9E /* AppDelegate.swift in Sources */ = {isa = PBXBuildFile; fileRef = 4E5B08851F04731C00236A9E /* AppDelegate.swift */; };
		4E5B08881F04731C00236A9E /* ViewController.swift in Sources */ = {isa = PBXBuildFile; fileRef = 4E5B08871F04731C00236A9E /* ViewController.swift */; };
		4E5B088D1F04731C00236A9E /* Assets.xcassets in Resources */ = {isa = PBXBuildFile; fileRef = 4E5B088C1F04731C00236A9E /* Assets.xcassets */; };
		4E5B089B1F04731C00236A9E /* HampTests.swift in Sources */ = {isa = PBXBuildFile; fileRef = 4E5B089A1F04731C00236A9E /* HampTests.swift */; };
		4E5B08A61F04731C00236A9E /* HampUITests.swift in Sources */ = {isa = PBXBuildFile; fileRef = 4E5B08A51F04731C00236A9E /* HampUITests.swift */; };
		57F5B662E028D7F847419376 /* Pods_HampUITests.framework in Frameworks */ = {isa = PBXBuildFile; fileRef = 9C4FBE7AE31A21445A6CE888 /* Pods_HampUITests.framework */; };
		9C5195597F7D4604999355E1 /* Pods_Hamp.framework in Frameworks */ = {isa = PBXBuildFile; fileRef = FC7C78EEC0E6BE64645FDEEA /* Pods_Hamp.framework */; };
		A60DD42DE92F674E0E23DDF8 /* Pods_HampTests.framework in Frameworks */ = {isa = PBXBuildFile; fileRef = DDC5808EA03F5DF9E1401416 /* Pods_HampTests.framework */; };
/* End PBXBuildFile section */

/* Begin PBXContainerItemProxy section */
		4E5B08971F04731C00236A9E /* PBXContainerItemProxy */ = {
			isa = PBXContainerItemProxy;
			containerPortal = 4E5B087A1F04731C00236A9E /* Project object */;
			proxyType = 1;
			remoteGlobalIDString = 4E5B08811F04731C00236A9E;
			remoteInfo = Hamp;
		};
		4E5B08A21F04731C00236A9E /* PBXContainerItemProxy */ = {
			isa = PBXContainerItemProxy;
			containerPortal = 4E5B087A1F04731C00236A9E /* Project object */;
			proxyType = 1;
			remoteGlobalIDString = 4E5B08811F04731C00236A9E;
			remoteInfo = Hamp;
		};
/* End PBXContainerItemProxy section */

/* Begin PBXFileReference section */
		206A3DD2C6B0943389014710 /* Pods-HampTests.release.xcconfig */ = {isa = PBXFileReference; includeInIndex = 1; lastKnownFileType = text.xcconfig; name = "Pods-HampTests.release.xcconfig"; path = "Pods/Target Support Files/Pods-HampTests/Pods-HampTests.release.xcconfig"; sourceTree = "<group>"; };
		2250B602B6AA5890F7C32682 /* Pods-HampUITests.release.xcconfig */ = {isa = PBXFileReference; includeInIndex = 1; lastKnownFileType = text.xcconfig; name = "Pods-HampUITests.release.xcconfig"; path = "Pods/Target Support Files/Pods-HampUITests/Pods-HampUITests.release.xcconfig"; sourceTree = "<group>"; };
		4E5B08821F04731C00236A9E /* Hamp.app */ = {isa = PBXFileReference; explicitFileType = wrapper.application; includeInIndex = 0; path = Hamp.app; sourceTree = BUILT_PRODUCTS_DIR; };
		4E5B08851F04731C00236A9E /* AppDelegate.swift */ = {isa = PBXFileReference; lastKnownFileType = sourcecode.swift; path = AppDelegate.swift; sourceTree = "<group>"; };
		4E5B08871F04731C00236A9E /* ViewController.swift */ = {isa = PBXFileReference; lastKnownFileType = sourcecode.swift; path = ViewController.swift; sourceTree = "<group>"; };
		4E5B088C1F04731C00236A9E /* Assets.xcassets */ = {isa = PBXFileReference; lastKnownFileType = folder.assetcatalog; path = Assets.xcassets; sourceTree = "<group>"; };
		4E5B08911F04731C00236A9E /* Info.plist */ = {isa = PBXFileReference; lastKnownFileType = text.plist.xml; path = Info.plist; sourceTree = "<group>"; };
		4E5B08961F04731C00236A9E /* HampTests.xctest */ = {isa = PBXFileReference; explicitFileType = wrapper.cfbundle; includeInIndex = 0; path = HampTests.xctest; sourceTree = BUILT_PRODUCTS_DIR; };
		4E5B089A1F04731C00236A9E /* HampTests.swift */ = {isa = PBXFileReference; lastKnownFileType = sourcecode.swift; path = HampTests.swift; sourceTree = "<group>"; };
		4E5B089C1F04731C00236A9E /* Info.plist */ = {isa = PBXFileReference; lastKnownFileType = text.plist.xml; path = Info.plist; sourceTree = "<group>"; };
		4E5B08A11F04731C00236A9E /* HampUITests.xctest */ = {isa = PBXFileReference; explicitFileType = wrapper.cfbundle; includeInIndex = 0; path = HampUITests.xctest; sourceTree = BUILT_PRODUCTS_DIR; };
		4E5B08A51F04731C00236A9E /* HampUITests.swift */ = {isa = PBXFileReference; lastKnownFileType = sourcecode.swift; path = HampUITests.swift; sourceTree = "<group>"; };
		4E5B08A71F04731C00236A9E /* Info.plist */ = {isa = PBXFileReference; lastKnownFileType = text.plist.xml; path = Info.plist; sourceTree = "<group>"; };
		614C810922CFEC0731C0D9D8 /* Pods-Hamp.debug.xcconfig */ = {isa = PBXFileReference; includeInIndex = 1; lastKnownFileType = text.xcconfig; name = "Pods-Hamp.debug.xcconfig"; path = "Pods/Target Support Files/Pods-Hamp/Pods-Hamp.debug.xcconfig"; sourceTree = "<group>"; };
		9C4FBE7AE31A21445A6CE888 /* Pods_HampUITests.framework */ = {isa = PBXFileReference; explicitFileType = wrapper.framework; includeInIndex = 0; path = Pods_HampUITests.framework; sourceTree = BUILT_PRODUCTS_DIR; };
		CC6E5C16DECEC990824F825C /* Pods-HampTests.debug.xcconfig */ = {isa = PBXFileReference; includeInIndex = 1; lastKnownFileType = text.xcconfig; name = "Pods-HampTests.debug.xcconfig"; path = "Pods/Target Support Files/Pods-HampTests/Pods-HampTests.debug.xcconfig"; sourceTree = "<group>"; };
		D020784CAB42E211144BDAFA /* Pods-Hamp.release.xcconfig */ = {isa = PBXFileReference; includeInIndex = 1; lastKnownFileType = text.xcconfig; name = "Pods-Hamp.release.xcconfig"; path = "Pods/Target Support Files/Pods-Hamp/Pods-Hamp.release.xcconfig"; sourceTree = "<group>"; };
		D993B21BB4F7413B434D8295 /* Pods-HampUITests.debug.xcconfig */ = {isa = PBXFileReference; includeInIndex = 1; lastKnownFileType = text.xcconfig; name = "Pods-HampUITests.debug.xcconfig"; path = "Pods/Target Support Files/Pods-HampUITests/Pods-HampUITests.debug.xcconfig"; sourceTree = "<group>"; };
		DDC5808EA03F5DF9E1401416 /* Pods_HampTests.framework */ = {isa = PBXFileReference; explicitFileType = wrapper.framework; includeInIndex = 0; path = Pods_HampTests.framework; sourceTree = BUILT_PRODUCTS_DIR; };
		FC7C78EEC0E6BE64645FDEEA /* Pods_Hamp.framework */ = {isa = PBXFileReference; explicitFileType = wrapper.framework; includeInIndex = 0; path = Pods_Hamp.framework; sourceTree = BUILT_PRODUCTS_DIR; };
/* End PBXFileReference section */

/* Begin PBXFrameworksBuildPhase section */
		4E5B087F1F04731C00236A9E /* Frameworks */ = {
			isa = PBXFrameworksBuildPhase;
			buildActionMask = 2147483647;
			files = (
				9C5195597F7D4604999355E1 /* Pods_Hamp.framework in Frameworks */,
			);
			runOnlyForDeploymentPostprocessing = 0;
		};
		4E5B08931F04731C00236A9E /* Frameworks */ = {
			isa = PBXFrameworksBuildPhase;
			buildActionMask = 2147483647;
			files = (
				A60DD42DE92F674E0E23DDF8 /* Pods_HampTests.framework in Frameworks */,
			);
			runOnlyForDeploymentPostprocessing = 0;
		};
		4E5B089E1F04731C00236A9E /* Frameworks */ = {
			isa = PBXFrameworksBuildPhase;
			buildActionMask = 2147483647;
			files = (
				57F5B662E028D7F847419376 /* Pods_HampUITests.framework in Frameworks */,
			);
			runOnlyForDeploymentPostprocessing = 0;
		};
/* End PBXFrameworksBuildPhase section */

/* Begin PBXGroup section */
		4E5B08791F04731C00236A9E = {
			isa = PBXGroup;
			children = (
				4E5B08841F04731C00236A9E /* Hamp */,
				4E5B08991F04731C00236A9E /* HampTests */,
				4E5B08A41F04731C00236A9E /* HampUITests */,
				4E5B08831F04731C00236A9E /* Products */,
				F07EEE7ED6F7BB656045FC7B /* Pods */,
				51541EF23E41448D2B691C0C /* Frameworks */,
			);
			sourceTree = "<group>";
		};
		4E5B08831F04731C00236A9E /* Products */ = {
			isa = PBXGroup;
			children = (
				4E5B08821F04731C00236A9E /* Hamp.app */,
				4E5B08961F04731C00236A9E /* HampTests.xctest */,
				4E5B08A11F04731C00236A9E /* HampUITests.xctest */,
			);
			name = Products;
			sourceTree = "<group>";
		};
		4E5B08841F04731C00236A9E /* Hamp */ = {
			isa = PBXGroup;
			children = (
				4E5B08851F04731C00236A9E /* AppDelegate.swift */,
				4E5B08871F04731C00236A9E /* ViewController.swift */,
				4E5B08B41F04733900236A9E /* Supporting Files */,
			);
			path = Hamp;
			sourceTree = "<group>";
		};
		4E5B08991F04731C00236A9E /* HampTests */ = {
			isa = PBXGroup;
			children = (
				4E5B089A1F04731C00236A9E /* HampTests.swift */,
				4E5B089C1F04731C00236A9E /* Info.plist */,
			);
			path = HampTests;
			sourceTree = "<group>";
		};
		4E5B08A41F04731C00236A9E /* HampUITests */ = {
			isa = PBXGroup;
			children = (
				4E5B08A51F04731C00236A9E /* HampUITests.swift */,
				4E5B08A71F04731C00236A9E /* Info.plist */,
			);
			path = HampUITests;
			sourceTree = "<group>";
		};
		4E5B08B41F04733900236A9E /* Supporting Files */ = {
			isa = PBXGroup;
			children = (
				4E5B088C1F04731C00236A9E /* Assets.xcassets */,
				4E5B08911F04731C00236A9E /* Info.plist */,
			);
			path = "Supporting Files";
			sourceTree = "<group>";
		};
		51541EF23E41448D2B691C0C /* Frameworks */ = {
			isa = PBXGroup;
			children = (
				FC7C78EEC0E6BE64645FDEEA /* Pods_Hamp.framework */,
				DDC5808EA03F5DF9E1401416 /* Pods_HampTests.framework */,
				9C4FBE7AE31A21445A6CE888 /* Pods_HampUITests.framework */,
			);
			name = Frameworks;
			sourceTree = "<group>";
		};
		F07EEE7ED6F7BB656045FC7B /* Pods */ = {
			isa = PBXGroup;
			children = (
				614C810922CFEC0731C0D9D8 /* Pods-Hamp.debug.xcconfig */,
				D020784CAB42E211144BDAFA /* Pods-Hamp.release.xcconfig */,
				CC6E5C16DECEC990824F825C /* Pods-HampTests.debug.xcconfig */,
				206A3DD2C6B0943389014710 /* Pods-HampTests.release.xcconfig */,
				D993B21BB4F7413B434D8295 /* Pods-HampUITests.debug.xcconfig */,
				2250B602B6AA5890F7C32682 /* Pods-HampUITests.release.xcconfig */,
			);
			name = Pods;
			sourceTree = "<group>";
		};
/* End PBXGroup section */

/* Begin PBXNativeTarget section */
		4E5B08811F04731C00236A9E /* Hamp */ = {
			isa = PBXNativeTarget;
			buildConfigurationList = 4E5B08AA1F04731C00236A9E /* Build configuration list for PBXNativeTarget "Hamp" */;
			buildPhases = (
				B66C21CE2F1D4A6F5BBC4BB5 /* [CP] Check Pods Manifest.lock */,
				4E5B087E1F04731C00236A9E /* Sources */,
				4E5B087F1F04731C00236A9E /* Frameworks */,
				4E5B08801F04731C00236A9E /* Resources */,
				2F1E27E7C24DAF320DBD0D60 /* [CP] Embed Pods Frameworks */,
				B1EC8AF50916C5BE49E42728 /* [CP] Copy Pods Resources */,
			);
			buildRules = (
			);
			dependencies = (
			);
			name = Hamp;
			productName = Hamp;
			productReference = 4E5B08821F04731C00236A9E /* Hamp.app */;
			productType = "com.apple.product-type.application";
		};
		4E5B08951F04731C00236A9E /* HampTests */ = {
			isa = PBXNativeTarget;
			buildConfigurationList = 4E5B08AD1F04731C00236A9E /* Build configuration list for PBXNativeTarget "HampTests" */;
			buildPhases = (
				578DD72B7402E588EAC4191F /* [CP] Check Pods Manifest.lock */,
				4E5B08921F04731C00236A9E /* Sources */,
				4E5B08931F04731C00236A9E /* Frameworks */,
				4E5B08941F04731C00236A9E /* Resources */,
				9FA0C6D3D418F5602F1CB7D9 /* [CP] Embed Pods Frameworks */,
				1CF378A1911CFBE9FE803C31 /* [CP] Copy Pods Resources */,
			);
			buildRules = (
			);
			dependencies = (
				4E5B08981F04731C00236A9E /* PBXTargetDependency */,
			);
			name = HampTests;
			productName = HampTests;
			productReference = 4E5B08961F04731C00236A9E /* HampTests.xctest */;
			productType = "com.apple.product-type.bundle.unit-test";
		};
		4E5B08A01F04731C00236A9E /* HampUITests */ = {
			isa = PBXNativeTarget;
			buildConfigurationList = 4E5B08B01F04731C00236A9E /* Build configuration list for PBXNativeTarget "HampUITests" */;
			buildPhases = (
				21DB79ACBC6369DA46A4DCC9 /* [CP] Check Pods Manifest.lock */,
				4E5B089D1F04731C00236A9E /* Sources */,
				4E5B089E1F04731C00236A9E /* Frameworks */,
				4E5B089F1F04731C00236A9E /* Resources */,
				C1428C93B8082181CBB93C56 /* [CP] Embed Pods Frameworks */,
				A6B8D7A34F9D3D77011CE0CE /* [CP] Copy Pods Resources */,
			);
			buildRules = (
			);
			dependencies = (
				4E5B08A31F04731C00236A9E /* PBXTargetDependency */,
			);
			name = HampUITests;
			productName = HampUITests;
			productReference = 4E5B08A11F04731C00236A9E /* HampUITests.xctest */;
			productType = "com.apple.product-type.bundle.ui-testing";
		};
/* End PBXNativeTarget section */

/* Begin PBXProject section */
		4E5B087A1F04731C00236A9E /* Project object */ = {
			isa = PBXProject;
			attributes = {
				LastSwiftUpdateCheck = 0900;
				LastUpgradeCheck = 0900;
				ORGANIZATIONNAME = com.hamp.hampiOS;
				TargetAttributes = {
					4E5B08811F04731C00236A9E = {
						CreatedOnToolsVersion = 9.0;
					};
					4E5B08951F04731C00236A9E = {
						CreatedOnToolsVersion = 9.0;
						TestTargetID = 4E5B08811F04731C00236A9E;
					};
					4E5B08A01F04731C00236A9E = {
						CreatedOnToolsVersion = 9.0;
						TestTargetID = 4E5B08811F04731C00236A9E;
					};
				};
			};
			buildConfigurationList = 4E5B087D1F04731C00236A9E /* Build configuration list for PBXProject "Hamp" */;
			compatibilityVersion = "Xcode 8.0";
			developmentRegion = en;
			hasScannedForEncodings = 0;
			knownRegions = (
				en,
				Base,
			);
			mainGroup = 4E5B08791F04731C00236A9E;
			productRefGroup = 4E5B08831F04731C00236A9E /* Products */;
			projectDirPath = "";
			projectRoot = "";
			targets = (
				4E5B08811F04731C00236A9E /* Hamp */,
				4E5B08951F04731C00236A9E /* HampTests */,
				4E5B08A01F04731C00236A9E /* HampUITests */,
			);
		};
/* End PBXProject section */

/* Begin PBXResourcesBuildPhase section */
		4E5B08801F04731C00236A9E /* Resources */ = {
			isa = PBXResourcesBuildPhase;
			buildActionMask = 2147483647;
			files = (
				4E5B088D1F04731C00236A9E /* Assets.xcassets in Resources */,
			);
			runOnlyForDeploymentPostprocessing = 0;
		};
		4E5B08941F04731C00236A9E /* Resources */ = {
			isa = PBXResourcesBuildPhase;
			buildActionMask = 2147483647;
			files = (
			);
			runOnlyForDeploymentPostprocessing = 0;
		};
		4E5B089F1F04731C00236A9E /* Resources */ = {
			isa = PBXResourcesBuildPhase;
			buildActionMask = 2147483647;
			files = (
			);
			runOnlyForDeploymentPostprocessing = 0;
		};
/* End PBXResourcesBuildPhase section */

/* Begin PBXShellScriptBuildPhase section */
		1CF378A1911CFBE9FE803C31 /* [CP] Copy Pods Resources */ = {
			isa = PBXShellScriptBuildPhase;
			buildActionMask = 2147483647;
			files = (
			);
			inputPaths = (
			);
			name = "[CP] Copy Pods Resources";
			outputPaths = (
			);
			runOnlyForDeploymentPostprocessing = 0;
			shellPath = /bin/sh;
			shellScript = "\"${SRCROOT}/Pods/Target Support Files/Pods-HampTests/Pods-HampTests-resources.sh\"\n";
			showEnvVarsInLog = 0;
		};
		21DB79ACBC6369DA46A4DCC9 /* [CP] Check Pods Manifest.lock */ = {
			isa = PBXShellScriptBuildPhase;
			buildActionMask = 2147483647;
			files = (
			);
			inputPaths = (
			);
			name = "[CP] Check Pods Manifest.lock";
			outputPaths = (
			);
			runOnlyForDeploymentPostprocessing = 0;
			shellPath = /bin/sh;
			shellScript = "diff \"${PODS_PODFILE_DIR_PATH}/Podfile.lock\" \"${PODS_ROOT}/Manifest.lock\" > /dev/null\nif [ $? != 0 ] ; then\n    # print error to STDERR\n    echo \"error: The sandbox is not in sync with the Podfile.lock. Run 'pod install' or update your CocoaPods installation.\" >&2\n    exit 1\nfi\n";
			showEnvVarsInLog = 0;
		};
		2F1E27E7C24DAF320DBD0D60 /* [CP] Embed Pods Frameworks */ = {
			isa = PBXShellScriptBuildPhase;
			buildActionMask = 2147483647;
			files = (
			);
			inputPaths = (
			);
			name = "[CP] Embed Pods Frameworks";
			outputPaths = (
			);
			runOnlyForDeploymentPostprocessing = 0;
			shellPath = /bin/sh;
			shellScript = "\"${SRCROOT}/Pods/Target Support Files/Pods-Hamp/Pods-Hamp-frameworks.sh\"\n";
			showEnvVarsInLog = 0;
		};
		578DD72B7402E588EAC4191F /* [CP] Check Pods Manifest.lock */ = {
			isa = PBXShellScriptBuildPhase;
			buildActionMask = 2147483647;
			files = (
			);
			inputPaths = (
			);
			name = "[CP] Check Pods Manifest.lock";
			outputPaths = (
			);
			runOnlyForDeploymentPostprocessing = 0;
			shellPath = /bin/sh;
			shellScript = "diff \"${PODS_PODFILE_DIR_PATH}/Podfile.lock\" \"${PODS_ROOT}/Manifest.lock\" > /dev/null\nif [ $? != 0 ] ; then\n    # print error to STDERR\n    echo \"error: The sandbox is not in sync with the Podfile.lock. Run 'pod install' or update your CocoaPods installation.\" >&2\n    exit 1\nfi\n";
			showEnvVarsInLog = 0;
		};
		9FA0C6D3D418F5602F1CB7D9 /* [CP] Embed Pods Frameworks */ = {
			isa = PBXShellScriptBuildPhase;
			buildActionMask = 2147483647;
			files = (
			);
			inputPaths = (
			);
			name = "[CP] Embed Pods Frameworks";
			outputPaths = (
			);
			runOnlyForDeploymentPostprocessing = 0;
			shellPath = /bin/sh;
			shellScript = "\"${SRCROOT}/Pods/Target Support Files/Pods-HampTests/Pods-HampTests-frameworks.sh\"\n";
			showEnvVarsInLog = 0;
		};
		A6B8D7A34F9D3D77011CE0CE /* [CP] Copy Pods Resources */ = {
			isa = PBXShellScriptBuildPhase;
			buildActionMask = 2147483647;
			files = (
			);
			inputPaths = (
			);
			name = "[CP] Copy Pods Resources";
			outputPaths = (
			);
			runOnlyForDeploymentPostprocessing = 0;
			shellPath = /bin/sh;
			shellScript = "\"${SRCROOT}/Pods/Target Support Files/Pods-HampUITests/Pods-HampUITests-resources.sh\"\n";
			showEnvVarsInLog = 0;
		};
		B1EC8AF50916C5BE49E42728 /* [CP] Copy Pods Resources */ = {
			isa = PBXShellScriptBuildPhase;
			buildActionMask = 2147483647;
			files = (
			);
			inputPaths = (
			);
			name = "[CP] Copy Pods Resources";
			outputPaths = (
			);
			runOnlyForDeploymentPostprocessing = 0;
			shellPath = /bin/sh;
			shellScript = "\"${SRCROOT}/Pods/Target Support Files/Pods-Hamp/Pods-Hamp-resources.sh\"\n";
			showEnvVarsInLog = 0;
		};
		B66C21CE2F1D4A6F5BBC4BB5 /* [CP] Check Pods Manifest.lock */ = {
			isa = PBXShellScriptBuildPhase;
			buildActionMask = 2147483647;
			files = (
			);
			inputPaths = (
			);
			name = "[CP] Check Pods Manifest.lock";
			outputPaths = (
			);
			runOnlyForDeploymentPostprocessing = 0;
			shellPath = /bin/sh;
			shellScript = "diff \"${PODS_PODFILE_DIR_PATH}/Podfile.lock\" \"${PODS_ROOT}/Manifest.lock\" > /dev/null\nif [ $? != 0 ] ; then\n    # print error to STDERR\n    echo \"error: The sandbox is not in sync with the Podfile.lock. Run 'pod install' or update your CocoaPods installation.\" >&2\n    exit 1\nfi\n";
			showEnvVarsInLog = 0;
		};
		C1428C93B8082181CBB93C56 /* [CP] Embed Pods Frameworks */ = {
			isa = PBXShellScriptBuildPhase;
			buildActionMask = 2147483647;
			files = (
			);
			inputPaths = (
			);
			name = "[CP] Embed Pods Frameworks";
			outputPaths = (
			);
			runOnlyForDeploymentPostprocessing = 0;
			shellPath = /bin/sh;
			shellScript = "\"${SRCROOT}/Pods/Target Support Files/Pods-HampUITests/Pods-HampUITests-frameworks.sh\"\n";
			showEnvVarsInLog = 0;
		};
/* End PBXShellScriptBuildPhase section */

/* Begin PBXSourcesBuildPhase section */
		4E5B087E1F04731C00236A9E /* Sources */ = {
			isa = PBXSourcesBuildPhase;
			buildActionMask = 2147483647;
			files = (
				4E5B08881F04731C00236A9E /* ViewController.swift in Sources */,
				4E5B08861F04731C00236A9E /* AppDelegate.swift in Sources */,
			);
			runOnlyForDeploymentPostprocessing = 0;
		};
		4E5B08921F04731C00236A9E /* Sources */ = {
			isa = PBXSourcesBuildPhase;
			buildActionMask = 2147483647;
			files = (
				4E5B089B1F04731C00236A9E /* HampTests.swift in Sources */,
			);
			runOnlyForDeploymentPostprocessing = 0;
		};
		4E5B089D1F04731C00236A9E /* Sources */ = {
			isa = PBXSourcesBuildPhase;
			buildActionMask = 2147483647;
			files = (
				4E5B08A61F04731C00236A9E /* HampUITests.swift in Sources */,
			);
			runOnlyForDeploymentPostprocessing = 0;
		};
/* End PBXSourcesBuildPhase section */

/* Begin PBXTargetDependency section */
		4E5B08981F04731C00236A9E /* PBXTargetDependency */ = {
			isa = PBXTargetDependency;
			target = 4E5B08811F04731C00236A9E /* Hamp */;
			targetProxy = 4E5B08971F04731C00236A9E /* PBXContainerItemProxy */;
		};
		4E5B08A31F04731C00236A9E /* PBXTargetDependency */ = {
			isa = PBXTargetDependency;
			target = 4E5B08811F04731C00236A9E /* Hamp */;
			targetProxy = 4E5B08A21F04731C00236A9E /* PBXContainerItemProxy */;
		};
/* End PBXTargetDependency section */

/* Begin XCBuildConfiguration section */
		4E5B08A81F04731C00236A9E /* Debug */ = {
			isa = XCBuildConfiguration;
			buildSettings = {
				ALWAYS_SEARCH_USER_PATHS = NO;
				CLANG_ANALYZER_NONNULL = YES;
				CLANG_ANALYZER_NUMBER_OBJECT_CONVERSION = YES_AGGRESSIVE;
				CLANG_CXX_LANGUAGE_STANDARD = "gnu++14";
				CLANG_CXX_LIBRARY = "libc++";
				CLANG_ENABLE_MODULES = YES;
				CLANG_ENABLE_OBJC_ARC = YES;
				CLANG_WARN_BLOCK_CAPTURE_AUTORELEASING = YES;
				CLANG_WARN_BOOL_CONVERSION = YES;
				CLANG_WARN_COMMA = YES;
				CLANG_WARN_CONSTANT_CONVERSION = YES;
				CLANG_WARN_DIRECT_OBJC_ISA_USAGE = YES_ERROR;
				CLANG_WARN_DOCUMENTATION_COMMENTS = YES;
				CLANG_WARN_EMPTY_BODY = YES;
				CLANG_WARN_ENUM_CONVERSION = YES;
				CLANG_WARN_INFINITE_RECURSION = YES;
				CLANG_WARN_INT_CONVERSION = YES;
				CLANG_WARN_OBJC_ROOT_CLASS = YES_ERROR;
				CLANG_WARN_RANGE_LOOP_ANALYSIS = YES;
				CLANG_WARN_STRICT_PROTOTYPES = YES;
				CLANG_WARN_SUSPICIOUS_MOVE = YES;
				CLANG_WARN_UNGUARDED_AVAILABILITY = YES_AGGRESSIVE;
				CLANG_WARN_UNREACHABLE_CODE = YES;
				CLANG_WARN__DUPLICATE_METHOD_MATCH = YES;
				CODE_SIGN_IDENTITY = "iPhone Developer";
				COPY_PHASE_STRIP = NO;
				DEBUG_INFORMATION_FORMAT = dwarf;
				ENABLE_STRICT_OBJC_MSGSEND = YES;
				ENABLE_TESTABILITY = YES;
				FRAMEWORK_SEARCH_PATHS = (
					"$(SRCROOT)/**",
					"$(inherited)",
				);
				GCC_C_LANGUAGE_STANDARD = gnu11;
				GCC_DYNAMIC_NO_PIC = NO;
				GCC_NO_COMMON_BLOCKS = YES;
				GCC_OPTIMIZATION_LEVEL = 0;
				GCC_PREPROCESSOR_DEFINITIONS = (
					"DEBUG=1",
					"$(inherited)",
				);
				GCC_WARN_64_TO_32_BIT_CONVERSION = YES;
				GCC_WARN_ABOUT_RETURN_TYPE = YES_ERROR;
				GCC_WARN_UNDECLARED_SELECTOR = YES;
				GCC_WARN_UNINITIALIZED_AUTOS = YES_AGGRESSIVE;
				GCC_WARN_UNUSED_FUNCTION = YES;
				GCC_WARN_UNUSED_VARIABLE = YES;
				IPHONEOS_DEPLOYMENT_TARGET = 11.0;
				MTL_ENABLE_DEBUG_INFO = YES;
				ONLY_ACTIVE_ARCH = YES;
				SDKROOT = iphoneos;
				SWIFT_ACTIVE_COMPILATION_CONDITIONS = DEBUG;
				SWIFT_OPTIMIZATION_LEVEL = "-Onone";
			};
			name = Debug;
		};
		4E5B08A91F04731C00236A9E /* Release */ = {
			isa = XCBuildConfiguration;
			buildSettings = {
				ALWAYS_SEARCH_USER_PATHS = NO;
				CLANG_ANALYZER_NONNULL = YES;
				CLANG_ANALYZER_NUMBER_OBJECT_CONVERSION = YES_AGGRESSIVE;
				CLANG_CXX_LANGUAGE_STANDARD = "gnu++14";
				CLANG_CXX_LIBRARY = "libc++";
				CLANG_ENABLE_MODULES = YES;
				CLANG_ENABLE_OBJC_ARC = YES;
				CLANG_WARN_BLOCK_CAPTURE_AUTORELEASING = YES;
				CLANG_WARN_BOOL_CONVERSION = YES;
				CLANG_WARN_COMMA = YES;
				CLANG_WARN_CONSTANT_CONVERSION = YES;
				CLANG_WARN_DIRECT_OBJC_ISA_USAGE = YES_ERROR;
				CLANG_WARN_DOCUMENTATION_COMMENTS = YES;
				CLANG_WARN_EMPTY_BODY = YES;
				CLANG_WARN_ENUM_CONVERSION = YES;
				CLANG_WARN_INFINITE_RECURSION = YES;
				CLANG_WARN_INT_CONVERSION = YES;
				CLANG_WARN_OBJC_ROOT_CLASS = YES_ERROR;
				CLANG_WARN_RANGE_LOOP_ANALYSIS = YES;
				CLANG_WARN_STRICT_PROTOTYPES = YES;
				CLANG_WARN_SUSPICIOUS_MOVE = YES;
				CLANG_WARN_UNGUARDED_AVAILABILITY = YES_AGGRESSIVE;
				CLANG_WARN_UNREACHABLE_CODE = YES;
				CLANG_WARN__DUPLICATE_METHOD_MATCH = YES;
				CODE_SIGN_IDENTITY = "iPhone Developer";
				COPY_PHASE_STRIP = NO;
				DEBUG_INFORMATION_FORMAT = "dwarf-with-dsym";
				ENABLE_NS_ASSERTIONS = NO;
				ENABLE_STRICT_OBJC_MSGSEND = YES;
				FRAMEWORK_SEARCH_PATHS = (
					"$(SRCROOT)/**",
					"$(inherited)",
				);
				GCC_C_LANGUAGE_STANDARD = gnu11;
				GCC_NO_COMMON_BLOCKS = YES;
				GCC_WARN_64_TO_32_BIT_CONVERSION = YES;
				GCC_WARN_ABOUT_RETURN_TYPE = YES_ERROR;
				GCC_WARN_UNDECLARED_SELECTOR = YES;
				GCC_WARN_UNINITIALIZED_AUTOS = YES_AGGRESSIVE;
				GCC_WARN_UNUSED_FUNCTION = YES;
				GCC_WARN_UNUSED_VARIABLE = YES;
				IPHONEOS_DEPLOYMENT_TARGET = 11.0;
				MTL_ENABLE_DEBUG_INFO = NO;
				SDKROOT = iphoneos;
				SWIFT_OPTIMIZATION_LEVEL = "-Owholemodule";
				VALIDATE_PRODUCT = YES;
			};
			name = Release;
		};
		4E5B08AB1F04731C00236A9E /* Debug */ = {
			isa = XCBuildConfiguration;
			baseConfigurationReference = 614C810922CFEC0731C0D9D8 /* Pods-Hamp.debug.xcconfig */;
			buildSettings = {
				ASSETCATALOG_COMPILER_APPICON_NAME = AppIcon;
				DEVELOPMENT_TEAM = U9QF88MGC2;
				FRAMEWORK_SEARCH_PATHS = (
					"$(inherited)",
					"\"$PODS_CONFIGURATION_BUILD_DIR/Alamofire\"",
					"\"$PODS_CONFIGURATION_BUILD_DIR/GTMSessionFetcher\"",
					"\"$PODS_CONFIGURATION_BUILD_DIR/GoogleToolboxForMac\"",
					"\"$PODS_CONFIGURATION_BUILD_DIR/HampKit\"",
					"\"$PODS_CONFIGURATION_BUILD_DIR/Protobuf\"",
					"\"$PODS_CONFIGURATION_BUILD_DIR/nanopb\"",
					"\"${PODS_ROOT}/FirebaseAnalytics/Frameworks\"",
					"\"${PODS_ROOT}/FirebaseAuth/Frameworks\"",
					"\"${PODS_ROOT}/FirebaseCore/Frameworks\"",
					"\"${PODS_ROOT}/FirebaseDatabase/Frameworks\"",
					"\"${PODS_ROOT}/FirebaseInstanceID/Frameworks\"",
					"\"${PODS_ROOT}/FirebaseMessaging/Frameworks\"",
					"$(SRCROOT)/**",
				);
				INFOPLIST_FILE = "$(SRCROOT)/Hamp/Supporting Files/Info.plist";
				IPHONEOS_DEPLOYMENT_TARGET = 9.0;
				LD_RUNPATH_SEARCH_PATHS = "$(inherited) @executable_path/Frameworks";
				PRODUCT_BUNDLE_IDENTIFIER = com.Hamp;
				PRODUCT_NAME = "$(TARGET_NAME)";
				SWIFT_VERSION = 4.0;
				TARGETED_DEVICE_FAMILY = 1;
			};
			name = Debug;
		};
		4E5B08AC1F04731C00236A9E /* Release */ = {
			isa = XCBuildConfiguration;
			baseConfigurationReference = D020784CAB42E211144BDAFA /* Pods-Hamp.release.xcconfig */;
			buildSettings = {
				ASSETCATALOG_COMPILER_APPICON_NAME = AppIcon;
				DEVELOPMENT_TEAM = U9QF88MGC2;
				FRAMEWORK_SEARCH_PATHS = (
					"$(inherited)",
					"\"$PODS_CONFIGURATION_BUILD_DIR/Alamofire\"",
					"\"$PODS_CONFIGURATION_BUILD_DIR/GTMSessionFetcher\"",
					"\"$PODS_CONFIGURATION_BUILD_DIR/GoogleToolboxForMac\"",
					"\"$PODS_CONFIGURATION_BUILD_DIR/HampKit\"",
					"\"$PODS_CONFIGURATION_BUILD_DIR/Protobuf\"",
					"\"$PODS_CONFIGURATION_BUILD_DIR/nanopb\"",
					"\"${PODS_ROOT}/FirebaseAnalytics/Frameworks\"",
					"\"${PODS_ROOT}/FirebaseAuth/Frameworks\"",
					"\"${PODS_ROOT}/FirebaseCore/Frameworks\"",
					"\"${PODS_ROOT}/FirebaseDatabase/Frameworks\"",
					"\"${PODS_ROOT}/FirebaseInstanceID/Frameworks\"",
					"\"${PODS_ROOT}/FirebaseMessaging/Frameworks\"",
					"$(SRCROOT)/**",
				);
				INFOPLIST_FILE = "$(SRCROOT)/Hamp/Supporting Files/Info.plist";
				IPHONEOS_DEPLOYMENT_TARGET = 9.0;
				LD_RUNPATH_SEARCH_PATHS = "$(inherited) @executable_path/Frameworks";
				PRODUCT_BUNDLE_IDENTIFIER = com.Hamp;
				PRODUCT_NAME = "$(TARGET_NAME)";
				SWIFT_VERSION = 4.0;
				TARGETED_DEVICE_FAMILY = 1;
			};
			name = Release;
		};
		4E5B08AE1F04731C00236A9E /* Debug */ = {
			isa = XCBuildConfiguration;
			baseConfigurationReference = CC6E5C16DECEC990824F825C /* Pods-HampTests.debug.xcconfig */;
			buildSettings = {
				ALWAYS_EMBED_SWIFT_STANDARD_LIBRARIES = YES;
				BUNDLE_LOADER = "$(TEST_HOST)";
				DEVELOPMENT_TEAM = U9QF88MGC2;
				INFOPLIST_FILE = HampTests/Info.plist;
				LD_RUNPATH_SEARCH_PATHS = "$(inherited) @executable_path/Frameworks @loader_path/Frameworks";
				PRODUCT_BUNDLE_IDENTIFIER = com.HampTests;
				PRODUCT_NAME = "$(TARGET_NAME)";
				SWIFT_VERSION = 4.0;
				TARGETED_DEVICE_FAMILY = "1,2";
				TEST_HOST = "$(BUILT_PRODUCTS_DIR)/Hamp.app/Hamp";
			};
			name = Debug;
		};
		4E5B08AF1F04731C00236A9E /* Release */ = {
			isa = XCBuildConfiguration;
			baseConfigurationReference = 206A3DD2C6B0943389014710 /* Pods-HampTests.release.xcconfig */;
			buildSettings = {
				ALWAYS_EMBED_SWIFT_STANDARD_LIBRARIES = YES;
				BUNDLE_LOADER = "$(TEST_HOST)";
				DEVELOPMENT_TEAM = U9QF88MGC2;
				INFOPLIST_FILE = HampTests/Info.plist;
				LD_RUNPATH_SEARCH_PATHS = "$(inherited) @executable_path/Frameworks @loader_path/Frameworks";
				PRODUCT_BUNDLE_IDENTIFIER = com.HampTests;
				PRODUCT_NAME = "$(TARGET_NAME)";
				SWIFT_VERSION = 4.0;
				TARGETED_DEVICE_FAMILY = "1,2";
				TEST_HOST = "$(BUILT_PRODUCTS_DIR)/Hamp.app/Hamp";
			};
			name = Release;
		};
		4E5B08B11F04731C00236A9E /* Debug */ = {
			isa = XCBuildConfiguration;
			baseConfigurationReference = D993B21BB4F7413B434D8295 /* Pods-HampUITests.debug.xcconfig */;
			buildSettings = {
				ALWAYS_EMBED_SWIFT_STANDARD_LIBRARIES = YES;
				DEVELOPMENT_TEAM = U9QF88MGC2;
				INFOPLIST_FILE = HampUITests/Info.plist;
				LD_RUNPATH_SEARCH_PATHS = "$(inherited) @executable_path/Frameworks @loader_path/Frameworks";
				PRODUCT_BUNDLE_IDENTIFIER = com.HampUITests;
				PRODUCT_NAME = "$(TARGET_NAME)";
				SWIFT_VERSION = 4.0;
				TARGETED_DEVICE_FAMILY = "1,2";
				TEST_TARGET_NAME = Hamp;
			};
			name = Debug;
		};
		4E5B08B21F04731C00236A9E /* Release */ = {
			isa = XCBuildConfiguration;
			baseConfigurationReference = 2250B602B6AA5890F7C32682 /* Pods-HampUITests.release.xcconfig */;
			buildSettings = {
				ALWAYS_EMBED_SWIFT_STANDARD_LIBRARIES = YES;
				DEVELOPMENT_TEAM = U9QF88MGC2;
				INFOPLIST_FILE = HampUITests/Info.plist;
				LD_RUNPATH_SEARCH_PATHS = "$(inherited) @executable_path/Frameworks @loader_path/Frameworks";
				PRODUCT_BUNDLE_IDENTIFIER = com.HampUITests;
				PRODUCT_NAME = "$(TARGET_NAME)";
				SWIFT_VERSION = 4.0;
				TARGETED_DEVICE_FAMILY = "1,2";
				TEST_TARGET_NAME = Hamp;
			};
			name = Release;
		};
/* End XCBuildConfiguration section */

/* Begin XCConfigurationList section */
		4E5B087D1F04731C00236A9E /* Build configuration list for PBXProject "Hamp" */ = {
			isa = XCConfigurationList;
			buildConfigurations = (
				4E5B08A81F04731C00236A9E /* Debug */,
				4E5B08A91F04731C00236A9E /* Release */,
			);
			defaultConfigurationIsVisible = 0;
			defaultConfigurationName = Release;
		};
		4E5B08AA1F04731C00236A9E /* Build configuration list for PBXNativeTarget "Hamp" */ = {
			isa = XCConfigurationList;
			buildConfigurations = (
				4E5B08AB1F04731C00236A9E /* Debug */,
				4E5B08AC1F04731C00236A9E /* Release */,
			);
			defaultConfigurationIsVisible = 0;
			defaultConfigurationName = Release;
		};
		4E5B08AD1F04731C00236A9E /* Build configuration list for PBXNativeTarget "HampTests" */ = {
			isa = XCConfigurationList;
			buildConfigurations = (
				4E5B08AE1F04731C00236A9E /* Debug */,
				4E5B08AF1F04731C00236A9E /* Release */,
			);
			defaultConfigurationIsVisible = 0;
			defaultConfigurationName = Release;
		};
		4E5B08B01F04731C00236A9E /* Build configuration list for PBXNativeTarget "HampUITests" */ = {
			isa = XCConfigurationList;
			buildConfigurations = (
				4E5B08B11F04731C00236A9E /* Debug */,
				4E5B08B21F04731C00236A9E /* Release */,
			);
			defaultConfigurationIsVisible = 0;
			defaultConfigurationName = Release;
		};
/* End XCConfigurationList section */
	};
	rootObject = 4E5B087A1F04731C00236A9E /* Project object */;
}
